// !$*UTF8*$!
{
	archiveVersion = 1;
	classes = {
	};
	objectVersion = 46;
	objects = {

/* Begin PBXBuildFile section */
		0703FD2C1A4EC145009B6D8E /* HeroSpriteImageTrim.m in Sources */ = {isa = PBXBuildFile; fileRef = 0703FD291A4EC145009B6D8E /* HeroSpriteImageTrim.m */; };
		0703FD2D1A4EC145009B6D8E /* SpriteImageTrim.m in Sources */ = {isa = PBXBuildFile; fileRef = 0703FD2B1A4EC145009B6D8E /* SpriteImageTrim.m */; };
		0750AE341A6A2E7200DD05A3 /* BossSpriteImage.m in Sources */ = {isa = PBXBuildFile; fileRef = 0750AE331A6A2E7200DD05A3 /* BossSpriteImage.m */; };
		0750AE361A6A44D000DD05A3 /* dragon1.png in Resources */ = {isa = PBXBuildFile; fileRef = 0750AE351A6A44D000DD05A3 /* dragon1.png */; };
		0750AE381A6A546B00DD05A3 /* hero1.png in Resources */ = {isa = PBXBuildFile; fileRef = 0750AE371A6A546B00DD05A3 /* hero1.png */; };
		0750AE3C1A6A5DE000DD05A3 /* dragon3.png in Resources */ = {isa = PBXBuildFile; fileRef = 0750AE3B1A6A5DE000DD05A3 /* dragon3.png */; };
		0750AE401A6A5FC500DD05A3 /* hero3.png in Resources */ = {isa = PBXBuildFile; fileRef = 0750AE3F1A6A5FC500DD05A3 /* hero3.png */; };
		1837F4451A4E484E00075299 /* dragon_orange_bt01@2x.png in Resources */ = {isa = PBXBuildFile; fileRef = 1837F4391A4E484E00075299 /* dragon_orange_bt01@2x.png */; };
		1837F4461A4E484E00075299 /* dragon_orange_bt02@2x.png in Resources */ = {isa = PBXBuildFile; fileRef = 1837F43A1A4E484E00075299 /* dragon_orange_bt02@2x.png */; };
		1837F4471A4E484E00075299 /* dragon_orange_bt03@2x.png in Resources */ = {isa = PBXBuildFile; fileRef = 1837F43B1A4E484E00075299 /* dragon_orange_bt03@2x.png */; };
		1837F4481A4E484E00075299 /* dragon_orange_lr01@2x.png in Resources */ = {isa = PBXBuildFile; fileRef = 1837F43C1A4E484E00075299 /* dragon_orange_lr01@2x.png */; };
		1837F4491A4E484E00075299 /* dragon_orange_lr02@2x.png in Resources */ = {isa = PBXBuildFile; fileRef = 1837F43D1A4E484E00075299 /* dragon_orange_lr02@2x.png */; };
		1837F44A1A4E484E00075299 /* dragon_orange_lr03@2x.png in Resources */ = {isa = PBXBuildFile; fileRef = 1837F43E1A4E484E00075299 /* dragon_orange_lr03@2x.png */; };
		1837F44B1A4E484E00075299 /* dragon_orange_rl01@2x.png in Resources */ = {isa = PBXBuildFile; fileRef = 1837F43F1A4E484E00075299 /* dragon_orange_rl01@2x.png */; };
		1837F44C1A4E484E00075299 /* dragon_orange_rl02@2x.png in Resources */ = {isa = PBXBuildFile; fileRef = 1837F4401A4E484E00075299 /* dragon_orange_rl02@2x.png */; };
		1837F44D1A4E484E00075299 /* dragon_orange_rl03@2x.png in Resources */ = {isa = PBXBuildFile; fileRef = 1837F4411A4E484E00075299 /* dragon_orange_rl03@2x.png */; };
		1837F44E1A4E484E00075299 /* dragon_orange_tb01@2x.png in Resources */ = {isa = PBXBuildFile; fileRef = 1837F4421A4E484E00075299 /* dragon_orange_tb01@2x.png */; };
		1837F44F1A4E484E00075299 /* dragon_orange_tb02@2x.png in Resources */ = {isa = PBXBuildFile; fileRef = 1837F4431A4E484E00075299 /* dragon_orange_tb02@2x.png */; };
		1837F4501A4E484E00075299 /* dragon_orange_tb03@2x.png in Resources */ = {isa = PBXBuildFile; fileRef = 1837F4441A4E484E00075299 /* dragon_orange_tb03@2x.png */; };
		1837F45D1A4E48C100075299 /* bt01.png in Resources */ = {isa = PBXBuildFile; fileRef = 1837F4511A4E48C100075299 /* bt01.png */; };
		1837F45E1A4E48C100075299 /* bt02.png in Resources */ = {isa = PBXBuildFile; fileRef = 1837F4521A4E48C100075299 /* bt02.png */; };
		1837F45F1A4E48C100075299 /* bt03.png in Resources */ = {isa = PBXBuildFile; fileRef = 1837F4531A4E48C100075299 /* bt03.png */; };
		1837F4601A4E48C100075299 /* lr01.png in Resources */ = {isa = PBXBuildFile; fileRef = 1837F4541A4E48C100075299 /* lr01.png */; };
		1837F4611A4E48C100075299 /* lr02.png in Resources */ = {isa = PBXBuildFile; fileRef = 1837F4551A4E48C100075299 /* lr02.png */; };
		1837F4621A4E48C100075299 /* lr03.png in Resources */ = {isa = PBXBuildFile; fileRef = 1837F4561A4E48C100075299 /* lr03.png */; };
		1837F4631A4E48C100075299 /* rl01.png in Resources */ = {isa = PBXBuildFile; fileRef = 1837F4571A4E48C100075299 /* rl01.png */; };
		1837F4641A4E48C100075299 /* rl02.png in Resources */ = {isa = PBXBuildFile; fileRef = 1837F4581A4E48C100075299 /* rl02.png */; };
		1837F4651A4E48C100075299 /* rl03.png in Resources */ = {isa = PBXBuildFile; fileRef = 1837F4591A4E48C100075299 /* rl03.png */; };
		1837F4661A4E48C100075299 /* tb01.png in Resources */ = {isa = PBXBuildFile; fileRef = 1837F45A1A4E48C100075299 /* tb01.png */; };
		1837F4671A4E48C100075299 /* tb02.png in Resources */ = {isa = PBXBuildFile; fileRef = 1837F45B1A4E48C100075299 /* tb02.png */; };
		1837F4681A4E48C100075299 /* tb03.png in Resources */ = {isa = PBXBuildFile; fileRef = 1837F45C1A4E48C100075299 /* tb03.png */; };
		1837F4791A4E48ED00075299 /* back1.png in Resources */ = {isa = PBXBuildFile; fileRef = 1837F4691A4E48ED00075299 /* back1.png */; };
		1837F47A1A4E48ED00075299 /* back2.png in Resources */ = {isa = PBXBuildFile; fileRef = 1837F46A1A4E48ED00075299 /* back2.png */; };
		1837F47B1A4E48ED00075299 /* back3.png in Resources */ = {isa = PBXBuildFile; fileRef = 1837F46B1A4E48ED00075299 /* back3.png */; };
		1837F47C1A4E48ED00075299 /* back4.png in Resources */ = {isa = PBXBuildFile; fileRef = 1837F46C1A4E48ED00075299 /* back4.png */; };
		1837F47D1A4E48ED00075299 /* front1.png in Resources */ = {isa = PBXBuildFile; fileRef = 1837F46D1A4E48ED00075299 /* front1.png */; };
		1837F47E1A4E48ED00075299 /* front2.png in Resources */ = {isa = PBXBuildFile; fileRef = 1837F46E1A4E48ED00075299 /* front2.png */; };
		1837F47F1A4E48ED00075299 /* front3.png in Resources */ = {isa = PBXBuildFile; fileRef = 1837F46F1A4E48ED00075299 /* front3.png */; };
		1837F4801A4E48ED00075299 /* front4.png in Resources */ = {isa = PBXBuildFile; fileRef = 1837F4701A4E48ED00075299 /* front4.png */; };
		1837F4811A4E48ED00075299 /* left1.png in Resources */ = {isa = PBXBuildFile; fileRef = 1837F4711A4E48ED00075299 /* left1.png */; };
		1837F4821A4E48ED00075299 /* left2.png in Resources */ = {isa = PBXBuildFile; fileRef = 1837F4721A4E48ED00075299 /* left2.png */; };
		1837F4831A4E48ED00075299 /* left3.png in Resources */ = {isa = PBXBuildFile; fileRef = 1837F4731A4E48ED00075299 /* left3.png */; };
		1837F4841A4E48ED00075299 /* left4.png in Resources */ = {isa = PBXBuildFile; fileRef = 1837F4741A4E48ED00075299 /* left4.png */; };
		1837F4851A4E48ED00075299 /* right1.png in Resources */ = {isa = PBXBuildFile; fileRef = 1837F4751A4E48ED00075299 /* right1.png */; };
		1837F4861A4E48ED00075299 /* right2.png in Resources */ = {isa = PBXBuildFile; fileRef = 1837F4761A4E48ED00075299 /* right2.png */; };
		1837F4871A4E48ED00075299 /* right3.png in Resources */ = {isa = PBXBuildFile; fileRef = 1837F4771A4E48ED00075299 /* right3.png */; };
		1837F4881A4E48ED00075299 /* right4.png in Resources */ = {isa = PBXBuildFile; fileRef = 1837F4781A4E48ED00075299 /* right4.png */; };
		189F86121A32DCCE0016D4EE /* main.m in Sources */ = {isa = PBXBuildFile; fileRef = 189F86111A32DCCE0016D4EE /* main.m */; };
		189F86151A32DCCE0016D4EE /* AppDelegate.m in Sources */ = {isa = PBXBuildFile; fileRef = 189F86141A32DCCE0016D4EE /* AppDelegate.m */; };
		189F86181A32DCCE0016D4EE /* DragonRequest.xcdatamodeld in Sources */ = {isa = PBXBuildFile; fileRef = 189F86161A32DCCE0016D4EE /* DragonRequest.xcdatamodeld */; };
		189F861E1A32DCCE0016D4EE /* Main.storyboard in Resources */ = {isa = PBXBuildFile; fileRef = 189F861C1A32DCCE0016D4EE /* Main.storyboard */; };
		189F86201A32DCCE0016D4EE /* Images.xcassets in Resources */ = {isa = PBXBuildFile; fileRef = 189F861F1A32DCCE0016D4EE /* Images.xcassets */; };
		189F86231A32DCCE0016D4EE /* LaunchScreen.xib in Resources */ = {isa = PBXBuildFile; fileRef = 189F86211A32DCCE0016D4EE /* LaunchScreen.xib */; };
		189F862F1A32DCCE0016D4EE /* DragonRequestTests.m in Sources */ = {isa = PBXBuildFile; fileRef = 189F862E1A32DCCE0016D4EE /* DragonRequestTests.m */; };
		18A0B2861A3C111100CDCF8A /* EnemyBoss.m in Sources */ = {isa = PBXBuildFile; fileRef = 18A0B27D1A3C111100CDCF8A /* EnemyBoss.m */; };
		18A0B2871A3C111100CDCF8A /* EnemyMarine.m in Sources */ = {isa = PBXBuildFile; fileRef = 18A0B27F1A3C111100CDCF8A /* EnemyMarine.m */; };
		18A0B2881A3C111100CDCF8A /* Human.m in Sources */ = {isa = PBXBuildFile; fileRef = 18A0B2811A3C111100CDCF8A /* Human.m */; };
		18A0B28A1A3C111100CDCF8A /* MyHero.m in Sources */ = {isa = PBXBuildFile; fileRef = 18A0B2851A3C111100CDCF8A /* MyHero.m */; };
		18A0B28E1A3C11EA00CDCF8A /* ViewController.m in Sources */ = {isa = PBXBuildFile; fileRef = 18A0B28D1A3C11EA00CDCF8A /* ViewController.m */; };
		18A0B2901A3C15C500CDCF8A /* taran.jpg in Resources */ = {isa = PBXBuildFile; fileRef = 18A0B28F1A3C15C500CDCF8A /* taran.jpg */; };
		18F0C2BA1A8F146D008595CB /* FireSpriteImage.m in Sources */ = {isa = PBXBuildFile; fileRef = 18F0C2B91A8F146D008595CB /* FireSpriteImage.m */; };
		18F0C2BE1A8F170A008595CB /* BossFightSpriteImage.m in Sources */ = {isa = PBXBuildFile; fileRef = 18F0C2BD1A8F170A008595CB /* BossFightSpriteImage.m */; };
		18F0C2C11A8F1772008595CB /* EnemyFightSpriteImage.m in Sources */ = {isa = PBXBuildFile; fileRef = 18F0C2C01A8F1772008595CB /* EnemyFightSpriteImage.m */; };
		18F0C2F31A8F1E01008595CB /* pipo-btleffect021.png in Resources */ = {isa = PBXBuildFile; fileRef = 18F0C2C41A8F1E01008595CB /* pipo-btleffect021.png */; };
		18F0C2F41A8F1E01008595CB /* pipo-btleffect022.png in Resources */ = {isa = PBXBuildFile; fileRef = 18F0C2C51A8F1E01008595CB /* pipo-btleffect022.png */; };
		18F0C2F51A8F1E01008595CB /* pipo-btleffect023.png in Resources */ = {isa = PBXBuildFile; fileRef = 18F0C2C61A8F1E01008595CB /* pipo-btleffect023.png */; };
		18F0C2F61A8F1E01008595CB /* pipo-btleffect024.png in Resources */ = {isa = PBXBuildFile; fileRef = 18F0C2C71A8F1E01008595CB /* pipo-btleffect024.png */; };
		18F0C2F71A8F1E01008595CB /* pipo-btleffect025.png in Resources */ = {isa = PBXBuildFile; fileRef = 18F0C2C81A8F1E01008595CB /* pipo-btleffect025.png */; };
		18F0C2F81A8F1E01008595CB /* pipo-btleffect026.png in Resources */ = {isa = PBXBuildFile; fileRef = 18F0C2C91A8F1E01008595CB /* pipo-btleffect026.png */; };
		18F0C2F91A8F1E01008595CB /* pipo-btleffect027.png in Resources */ = {isa = PBXBuildFile; fileRef = 18F0C2CA1A8F1E01008595CB /* pipo-btleffect027.png */; };
		18F0C2FA1A8F1E01008595CB /* pipo-btleffect028.png in Resources */ = {isa = PBXBuildFile; fileRef = 18F0C2CB1A8F1E01008595CB /* pipo-btleffect028.png */; };
		18F0C2FB1A8F1E01008595CB /* pipo-btleffect029.png in Resources */ = {isa = PBXBuildFile; fileRef = 18F0C2CC1A8F1E01008595CB /* pipo-btleffect029.png */; };
		18F0C2FC1A8F1E01008595CB /* pipo-btleffect030.png in Resources */ = {isa = PBXBuildFile; fileRef = 18F0C2CD1A8F1E01008595CB /* pipo-btleffect030.png */; };
		18F0C2FD1A8F1E01008595CB /* pipo-btleffect031.png in Resources */ = {isa = PBXBuildFile; fileRef = 18F0C2CE1A8F1E01008595CB /* pipo-btleffect031.png */; };
		18F0C2FE1A8F1E01008595CB /* pipo-btleffect032.png in Resources */ = {isa = PBXBuildFile; fileRef = 18F0C2CF1A8F1E01008595CB /* pipo-btleffect032.png */; };
		18F0C2FF1A8F1E01008595CB /* pipo-btleffect033.png in Resources */ = {isa = PBXBuildFile; fileRef = 18F0C2D01A8F1E01008595CB /* pipo-btleffect033.png */; };
		18F0C3001A8F1E01008595CB /* pipo-btleffect034.png in Resources */ = {isa = PBXBuildFile; fileRef = 18F0C2D11A8F1E01008595CB /* pipo-btleffect034.png */; };
		18F0C3011A8F1E01008595CB /* pipo-btleffect035.png in Resources */ = {isa = PBXBuildFile; fileRef = 18F0C2D21A8F1E01008595CB /* pipo-btleffect035.png */; };
		18F0C3021A8F1E01008595CB /* pipo-btleffect036.png in Resources */ = {isa = PBXBuildFile; fileRef = 18F0C2D31A8F1E01008595CB /* pipo-btleffect036.png */; };
		18F0C3031A8F1E01008595CB /* pipo-btleffect037.png in Resources */ = {isa = PBXBuildFile; fileRef = 18F0C2D41A8F1E01008595CB /* pipo-btleffect037.png */; };
		18F0C3041A8F1E01008595CB /* pipo-btleffect038.png in Resources */ = {isa = PBXBuildFile; fileRef = 18F0C2D51A8F1E01008595CB /* pipo-btleffect038.png */; };
		18F0C3051A8F1E01008595CB /* pipo-btleffect039.png in Resources */ = {isa = PBXBuildFile; fileRef = 18F0C2D61A8F1E01008595CB /* pipo-btleffect039.png */; };
		18F0C3061A8F1E01008595CB /* pipo-btleffect040.png in Resources */ = {isa = PBXBuildFile; fileRef = 18F0C2D71A8F1E01008595CB /* pipo-btleffect040.png */; };
		18F0C3071A8F1E01008595CB /* pipo-btleffect041.png in Resources */ = {isa = PBXBuildFile; fileRef = 18F0C2D81A8F1E01008595CB /* pipo-btleffect041.png */; };
		18F0C3081A8F1E01008595CB /* pipo-btleffect042.png in Resources */ = {isa = PBXBuildFile; fileRef = 18F0C2D91A8F1E01008595CB /* pipo-btleffect042.png */; };
		18F0C3091A8F1E01008595CB /* pipo-btleffect021@2x.png in Resources */ = {isa = PBXBuildFile; fileRef = 18F0C2DB1A8F1E01008595CB /* pipo-btleffect021@2x.png */; };
		18F0C30A1A8F1E01008595CB /* pipo-btleffect022@2x.png in Resources */ = {isa = PBXBuildFile; fileRef = 18F0C2DC1A8F1E01008595CB /* pipo-btleffect022@2x.png */; };
		18F0C30B1A8F1E01008595CB /* pipo-btleffect023@2x.png in Resources */ = {isa = PBXBuildFile; fileRef = 18F0C2DD1A8F1E01008595CB /* pipo-btleffect023@2x.png */; };
		18F0C30C1A8F1E01008595CB /* pipo-btleffect024@2x.png in Resources */ = {isa = PBXBuildFile; fileRef = 18F0C2DE1A8F1E01008595CB /* pipo-btleffect024@2x.png */; };
		18F0C30D1A8F1E01008595CB /* pipo-btleffect025@2x.png in Resources */ = {isa = PBXBuildFile; fileRef = 18F0C2DF1A8F1E01008595CB /* pipo-btleffect025@2x.png */; };
		18F0C30E1A8F1E01008595CB /* pipo-btleffect026@2x.png in Resources */ = {isa = PBXBuildFile; fileRef = 18F0C2E01A8F1E01008595CB /* pipo-btleffect026@2x.png */; };
		18F0C30F1A8F1E01008595CB /* pipo-btleffect027@2x.png in Resources */ = {isa = PBXBuildFile; fileRef = 18F0C2E11A8F1E01008595CB /* pipo-btleffect027@2x.png */; };
		18F0C3101A8F1E01008595CB /* pipo-btleffect028@2x.png in Resources */ = {isa = PBXBuildFile; fileRef = 18F0C2E21A8F1E01008595CB /* pipo-btleffect028@2x.png */; };
		18F0C3111A8F1E01008595CB /* pipo-btleffect029@2x.png in Resources */ = {isa = PBXBuildFile; fileRef = 18F0C2E31A8F1E01008595CB /* pipo-btleffect029@2x.png */; };
		18F0C3121A8F1E01008595CB /* pipo-btleffect030@2x.png in Resources */ = {isa = PBXBuildFile; fileRef = 18F0C2E41A8F1E01008595CB /* pipo-btleffect030@2x.png */; };
		18F0C3131A8F1E01008595CB /* pipo-btleffect031@2x.png in Resources */ = {isa = PBXBuildFile; fileRef = 18F0C2E51A8F1E01008595CB /* pipo-btleffect031@2x.png */; };
		18F0C3141A8F1E01008595CB /* pipo-btleffect032@2x.png in Resources */ = {isa = PBXBuildFile; fileRef = 18F0C2E61A8F1E01008595CB /* pipo-btleffect032@2x.png */; };
		18F0C3151A8F1E01008595CB /* pipo-btleffect033@2x.png in Resources */ = {isa = PBXBuildFile; fileRef = 18F0C2E71A8F1E01008595CB /* pipo-btleffect033@2x.png */; };
		18F0C3161A8F1E01008595CB /* pipo-btleffect034@2x.png in Resources */ = {isa = PBXBuildFile; fileRef = 18F0C2E81A8F1E01008595CB /* pipo-btleffect034@2x.png */; };
		18F0C3171A8F1E01008595CB /* pipo-btleffect035@2x.png in Resources */ = {isa = PBXBuildFile; fileRef = 18F0C2E91A8F1E01008595CB /* pipo-btleffect035@2x.png */; };
		18F0C3181A8F1E01008595CB /* pipo-btleffect036@2x.png in Resources */ = {isa = PBXBuildFile; fileRef = 18F0C2EA1A8F1E01008595CB /* pipo-btleffect036@2x.png */; };
		18F0C3191A8F1E01008595CB /* pipo-btleffect037@2x.png in Resources */ = {isa = PBXBuildFile; fileRef = 18F0C2EB1A8F1E01008595CB /* pipo-btleffect037@2x.png */; };
		18F0C31A1A8F1E01008595CB /* pipo-btleffect038@2x.png in Resources */ = {isa = PBXBuildFile; fileRef = 18F0C2EC1A8F1E01008595CB /* pipo-btleffect038@2x.png */; };
		18F0C31B1A8F1E01008595CB /* pipo-btleffect039@2x.png in Resources */ = {isa = PBXBuildFile; fileRef = 18F0C2ED1A8F1E01008595CB /* pipo-btleffect039@2x.png */; };
		18F0C31C1A8F1E01008595CB /* pipo-btleffect040@2x.png in Resources */ = {isa = PBXBuildFile; fileRef = 18F0C2EE1A8F1E01008595CB /* pipo-btleffect040@2x.png */; };
		18F0C31D1A8F1E01008595CB /* pipo-btleffect041@2x.png in Resources */ = {isa = PBXBuildFile; fileRef = 18F0C2EF1A8F1E01008595CB /* pipo-btleffect041@2x.png */; };
		18F0C31E1A8F1E01008595CB /* pipo-btleffect042@2x.png in Resources */ = {isa = PBXBuildFile; fileRef = 18F0C2F01A8F1E01008595CB /* pipo-btleffect042@2x.png */; };
		18F0C3231A8F3822008595CB /* FiraSpriteImage.m in Sources */ = {isa = PBXBuildFile; fileRef = 18F0C3221A8F3822008595CB /* FiraSpriteImage.m */; };
		18F0C3261A8F3A78008595CB /* SpriteImage.m in Sources */ = {isa = PBXBuildFile; fileRef = 18F0C3251A8F3A78008595CB /* SpriteImage.m */; };
		18F0C3291A8F3DFE008595CB /* FiragaSpriteImage.m in Sources */ = {isa = PBXBuildFile; fileRef = 18F0C3281A8F3DFE008595CB /* FiragaSpriteImage.m */; };
		612C6F191A85FEA00089573B /* BossLeftAttack1.png in Resources */ = {isa = PBXBuildFile; fileRef = 612C6EF21A85FEA00089573B /* BossLeftAttack1.png */; };
		612C6F1A1A85FEA00089573B /* BossLeftAttack2.png in Resources */ = {isa = PBXBuildFile; fileRef = 612C6EF31A85FEA00089573B /* BossLeftAttack2.png */; };
		612C6F1B1A85FEA00089573B /* BossLeftAttack3.png in Resources */ = {isa = PBXBuildFile; fileRef = 612C6EF41A85FEA00089573B /* BossLeftAttack3.png */; };
		612C6F1C1A85FEA00089573B /* BossNomal1.png in Resources */ = {isa = PBXBuildFile; fileRef = 612C6EF51A85FEA00089573B /* BossNomal1.png */; };
		612C6F1D1A85FEA00089573B /* BossNomal2.png in Resources */ = {isa = PBXBuildFile; fileRef = 612C6EF61A85FEA00089573B /* BossNomal2.png */; };
		612C6F1E1A85FEA00089573B /* BossNomal3.png in Resources */ = {isa = PBXBuildFile; fileRef = 612C6EF71A85FEA00089573B /* BossNomal3.png */; };
		612C6F1F1A85FEA00089573B /* BossRightAttack1.png in Resources */ = {isa = PBXBuildFile; fileRef = 612C6EF81A85FEA00089573B /* BossRightAttack1.png */; };
		612C6F201A85FEA00089573B /* BossRightAttack2.png in Resources */ = {isa = PBXBuildFile; fileRef = 612C6EF91A85FEA00089573B /* BossRightAttack2.png */; };
		612C6F211A85FEA00089573B /* BossRightAttack3.png in Resources */ = {isa = PBXBuildFile; fileRef = 612C6EFA1A85FEA00089573B /* BossRightAttack3.png */; };
		612C6F221A85FEA00089573B /* EnemyLeftAttack1.png in Resources */ = {isa = PBXBuildFile; fileRef = 612C6EFC1A85FEA00089573B /* EnemyLeftAttack1.png */; };
		612C6F231A85FEA00089573B /* EnemyLeftAttack2.png in Resources */ = {isa = PBXBuildFile; fileRef = 612C6EFD1A85FEA00089573B /* EnemyLeftAttack2.png */; };
		612C6F241A85FEA00089573B /* EnemyLeftAttack3.png in Resources */ = {isa = PBXBuildFile; fileRef = 612C6EFE1A85FEA00089573B /* EnemyLeftAttack3.png */; };
		612C6F251A85FEA00089573B /* EnemyNomal1.png in Resources */ = {isa = PBXBuildFile; fileRef = 612C6EFF1A85FEA00089573B /* EnemyNomal1.png */; };
		612C6F261A85FEA00089573B /* EnemyNomal2.png in Resources */ = {isa = PBXBuildFile; fileRef = 612C6F001A85FEA00089573B /* EnemyNomal2.png */; };
		612C6F271A85FEA00089573B /* EnemyNomal3.png in Resources */ = {isa = PBXBuildFile; fileRef = 612C6F011A85FEA00089573B /* EnemyNomal3.png */; };
		612C6F281A85FEA00089573B /* EnemyRightAttack1.png in Resources */ = {isa = PBXBuildFile; fileRef = 612C6F021A85FEA00089573B /* EnemyRightAttack1.png */; };
		612C6F291A85FEA00089573B /* EnemyRightAttack2.png in Resources */ = {isa = PBXBuildFile; fileRef = 612C6F031A85FEA00089573B /* EnemyRightAttack2.png */; };
		612C6F2A1A85FEA00089573B /* EnemyRightAttack3.png in Resources */ = {isa = PBXBuildFile; fileRef = 612C6F041A85FEA00089573B /* EnemyRightAttack3.png */; };
		612C6F2B1A85FEA00089573B /* Enemy2LeftAttack1.png in Resources */ = {isa = PBXBuildFile; fileRef = 612C6F061A85FEA00089573B /* Enemy2LeftAttack1.png */; };
		612C6F2C1A85FEA00089573B /* Enemy2LeftAttack2.png in Resources */ = {isa = PBXBuildFile; fileRef = 612C6F071A85FEA00089573B /* Enemy2LeftAttack2.png */; };
		612C6F2D1A85FEA00089573B /* Enemy2LeftAttack3.png in Resources */ = {isa = PBXBuildFile; fileRef = 612C6F081A85FEA00089573B /* Enemy2LeftAttack3.png */; };
		612C6F2E1A85FEA00089573B /* Enemy2Nomal1.png in Resources */ = {isa = PBXBuildFile; fileRef = 612C6F091A85FEA00089573B /* Enemy2Nomal1.png */; };
		612C6F2F1A85FEA00089573B /* Enemy2Nomal2.png in Resources */ = {isa = PBXBuildFile; fileRef = 612C6F0A1A85FEA00089573B /* Enemy2Nomal2.png */; };
		612C6F301A85FEA00089573B /* Enemy2Nomal3.png in Resources */ = {isa = PBXBuildFile; fileRef = 612C6F0B1A85FEA00089573B /* Enemy2Nomal3.png */; };
		612C6F311A85FEA00089573B /* Enemy2RightAttack1.png in Resources */ = {isa = PBXBuildFile; fileRef = 612C6F0C1A85FEA00089573B /* Enemy2RightAttack1.png */; };
		612C6F321A85FEA00089573B /* Enemy2RightAttack2.png in Resources */ = {isa = PBXBuildFile; fileRef = 612C6F0D1A85FEA00089573B /* Enemy2RightAttack2.png */; };
		612C6F331A85FEA00089573B /* Enemy2RightAttack3.png in Resources */ = {isa = PBXBuildFile; fileRef = 612C6F0E1A85FEA00089573B /* Enemy2RightAttack3.png */; };
		612C6F341A85FEA00089573B /* HeroLeftAttack1.png in Resources */ = {isa = PBXBuildFile; fileRef = 612C6F101A85FEA00089573B /* HeroLeftAttack1.png */; };
		612C6F351A85FEA00089573B /* HeroLeftAttack2.png in Resources */ = {isa = PBXBuildFile; fileRef = 612C6F111A85FEA00089573B /* HeroLeftAttack2.png */; };
		612C6F361A85FEA00089573B /* HeroLeftAttack3.png in Resources */ = {isa = PBXBuildFile; fileRef = 612C6F121A85FEA00089573B /* HeroLeftAttack3.png */; };
		612C6F371A85FEA00089573B /* HeroNomal1.png in Resources */ = {isa = PBXBuildFile; fileRef = 612C6F131A85FEA00089573B /* HeroNomal1.png */; };
		612C6F381A85FEA00089573B /* HeroNomal2.png in Resources */ = {isa = PBXBuildFile; fileRef = 612C6F141A85FEA00089573B /* HeroNomal2.png */; };
		612C6F391A85FEA00089573B /* HeroNomal3.png in Resources */ = {isa = PBXBuildFile; fileRef = 612C6F151A85FEA00089573B /* HeroNomal3.png */; };
		612C6F3A1A85FEA00089573B /* HeroRightAttack1.png in Resources */ = {isa = PBXBuildFile; fileRef = 612C6F161A85FEA00089573B /* HeroRightAttack1.png */; };
		612C6F3B1A85FEA00089573B /* HeroRightAttack2.png in Resources */ = {isa = PBXBuildFile; fileRef = 612C6F171A85FEA00089573B /* HeroRightAttack2.png */; };
		612C6F3C1A85FEA00089573B /* HeroRightAttack3.png in Resources */ = {isa = PBXBuildFile; fileRef = 612C6F181A85FEA00089573B /* HeroRightAttack3.png */; };
/* End PBXBuildFile section */

/* Begin PBXContainerItemProxy section */
		189F86291A32DCCE0016D4EE /* PBXContainerItemProxy */ = {
			isa = PBXContainerItemProxy;
			containerPortal = 189F86041A32DCCE0016D4EE /* Project object */;
			proxyType = 1;
			remoteGlobalIDString = 189F860B1A32DCCE0016D4EE;
			remoteInfo = DragonRequest;
		};
/* End PBXContainerItemProxy section */

/* Begin PBXFileReference section */
		0703FD281A4EC145009B6D8E /* HeroSpriteImageTrim.h */ = {isa = PBXFileReference; fileEncoding = 4; lastKnownFileType = sourcecode.c.h; path = HeroSpriteImageTrim.h; sourceTree = "<group>"; };
		0703FD291A4EC145009B6D8E /* HeroSpriteImageTrim.m */ = {isa = PBXFileReference; fileEncoding = 4; lastKnownFileType = sourcecode.c.objc; path = HeroSpriteImageTrim.m; sourceTree = "<group>"; };
		0703FD2A1A4EC145009B6D8E /* SpriteImageTrim.h */ = {isa = PBXFileReference; fileEncoding = 4; lastKnownFileType = sourcecode.c.h; path = SpriteImageTrim.h; sourceTree = "<group>"; };
		0703FD2B1A4EC145009B6D8E /* SpriteImageTrim.m */ = {isa = PBXFileReference; fileEncoding = 4; lastKnownFileType = sourcecode.c.objc; path = SpriteImageTrim.m; sourceTree = "<group>"; };
		0750AE321A6A2E5A00DD05A3 /* BossSpriteImage.h */ = {isa = PBXFileReference; lastKnownFileType = sourcecode.c.h; path = BossSpriteImage.h; sourceTree = "<group>"; };
		0750AE331A6A2E7200DD05A3 /* BossSpriteImage.m */ = {isa = PBXFileReference; fileEncoding = 4; lastKnownFileType = sourcecode.c.objc; path = BossSpriteImage.m; sourceTree = "<group>"; };
		0750AE351A6A44D000DD05A3 /* dragon1.png */ = {isa = PBXFileReference; lastKnownFileType = image.png; path = dragon1.png; sourceTree = "<group>"; };
		0750AE371A6A546B00DD05A3 /* hero1.png */ = {isa = PBXFileReference; lastKnownFileType = image.png; path = hero1.png; sourceTree = "<group>"; };
		0750AE3B1A6A5DE000DD05A3 /* dragon3.png */ = {isa = PBXFileReference; lastKnownFileType = image.png; path = dragon3.png; sourceTree = "<group>"; };
		0750AE3F1A6A5FC500DD05A3 /* hero3.png */ = {isa = PBXFileReference; lastKnownFileType = image.png; path = hero3.png; sourceTree = "<group>"; };
		1837F4391A4E484E00075299 /* dragon_orange_bt01@2x.png */ = {isa = PBXFileReference; lastKnownFileType = image.png; path = "dragon_orange_bt01@2x.png"; sourceTree = "<group>"; };
		1837F43A1A4E484E00075299 /* dragon_orange_bt02@2x.png */ = {isa = PBXFileReference; lastKnownFileType = image.png; path = "dragon_orange_bt02@2x.png"; sourceTree = "<group>"; };
		1837F43B1A4E484E00075299 /* dragon_orange_bt03@2x.png */ = {isa = PBXFileReference; lastKnownFileType = image.png; path = "dragon_orange_bt03@2x.png"; sourceTree = "<group>"; };
		1837F43C1A4E484E00075299 /* dragon_orange_lr01@2x.png */ = {isa = PBXFileReference; lastKnownFileType = image.png; path = "dragon_orange_lr01@2x.png"; sourceTree = "<group>"; };
		1837F43D1A4E484E00075299 /* dragon_orange_lr02@2x.png */ = {isa = PBXFileReference; lastKnownFileType = image.png; path = "dragon_orange_lr02@2x.png"; sourceTree = "<group>"; };
		1837F43E1A4E484E00075299 /* dragon_orange_lr03@2x.png */ = {isa = PBXFileReference; lastKnownFileType = image.png; path = "dragon_orange_lr03@2x.png"; sourceTree = "<group>"; };
		1837F43F1A4E484E00075299 /* dragon_orange_rl01@2x.png */ = {isa = PBXFileReference; lastKnownFileType = image.png; path = "dragon_orange_rl01@2x.png"; sourceTree = "<group>"; };
		1837F4401A4E484E00075299 /* dragon_orange_rl02@2x.png */ = {isa = PBXFileReference; lastKnownFileType = image.png; path = "dragon_orange_rl02@2x.png"; sourceTree = "<group>"; };
		1837F4411A4E484E00075299 /* dragon_orange_rl03@2x.png */ = {isa = PBXFileReference; lastKnownFileType = image.png; path = "dragon_orange_rl03@2x.png"; sourceTree = "<group>"; };
		1837F4421A4E484E00075299 /* dragon_orange_tb01@2x.png */ = {isa = PBXFileReference; lastKnownFileType = image.png; path = "dragon_orange_tb01@2x.png"; sourceTree = "<group>"; };
		1837F4431A4E484E00075299 /* dragon_orange_tb02@2x.png */ = {isa = PBXFileReference; lastKnownFileType = image.png; path = "dragon_orange_tb02@2x.png"; sourceTree = "<group>"; };
		1837F4441A4E484E00075299 /* dragon_orange_tb03@2x.png */ = {isa = PBXFileReference; lastKnownFileType = image.png; path = "dragon_orange_tb03@2x.png"; sourceTree = "<group>"; };
		1837F4511A4E48C100075299 /* bt01.png */ = {isa = PBXFileReference; lastKnownFileType = image.png; path = bt01.png; sourceTree = "<group>"; };
		1837F4521A4E48C100075299 /* bt02.png */ = {isa = PBXFileReference; lastKnownFileType = image.png; path = bt02.png; sourceTree = "<group>"; };
		1837F4531A4E48C100075299 /* bt03.png */ = {isa = PBXFileReference; lastKnownFileType = image.png; path = bt03.png; sourceTree = "<group>"; };
		1837F4541A4E48C100075299 /* lr01.png */ = {isa = PBXFileReference; lastKnownFileType = image.png; path = lr01.png; sourceTree = "<group>"; };
		1837F4551A4E48C100075299 /* lr02.png */ = {isa = PBXFileReference; lastKnownFileType = image.png; path = lr02.png; sourceTree = "<group>"; };
		1837F4561A4E48C100075299 /* lr03.png */ = {isa = PBXFileReference; lastKnownFileType = image.png; path = lr03.png; sourceTree = "<group>"; };
		1837F4571A4E48C100075299 /* rl01.png */ = {isa = PBXFileReference; lastKnownFileType = image.png; path = rl01.png; sourceTree = "<group>"; };
		1837F4581A4E48C100075299 /* rl02.png */ = {isa = PBXFileReference; lastKnownFileType = image.png; path = rl02.png; sourceTree = "<group>"; };
		1837F4591A4E48C100075299 /* rl03.png */ = {isa = PBXFileReference; lastKnownFileType = image.png; path = rl03.png; sourceTree = "<group>"; };
		1837F45A1A4E48C100075299 /* tb01.png */ = {isa = PBXFileReference; lastKnownFileType = image.png; path = tb01.png; sourceTree = "<group>"; };
		1837F45B1A4E48C100075299 /* tb02.png */ = {isa = PBXFileReference; lastKnownFileType = image.png; path = tb02.png; sourceTree = "<group>"; };
		1837F45C1A4E48C100075299 /* tb03.png */ = {isa = PBXFileReference; lastKnownFileType = image.png; path = tb03.png; sourceTree = "<group>"; };
		1837F4691A4E48ED00075299 /* back1.png */ = {isa = PBXFileReference; lastKnownFileType = image.png; path = back1.png; sourceTree = "<group>"; };
		1837F46A1A4E48ED00075299 /* back2.png */ = {isa = PBXFileReference; lastKnownFileType = image.png; path = back2.png; sourceTree = "<group>"; };
		1837F46B1A4E48ED00075299 /* back3.png */ = {isa = PBXFileReference; lastKnownFileType = image.png; path = back3.png; sourceTree = "<group>"; };
		1837F46C1A4E48ED00075299 /* back4.png */ = {isa = PBXFileReference; lastKnownFileType = image.png; path = back4.png; sourceTree = "<group>"; };
		1837F46D1A4E48ED00075299 /* front1.png */ = {isa = PBXFileReference; lastKnownFileType = image.png; path = front1.png; sourceTree = "<group>"; };
		1837F46E1A4E48ED00075299 /* front2.png */ = {isa = PBXFileReference; lastKnownFileType = image.png; path = front2.png; sourceTree = "<group>"; };
		1837F46F1A4E48ED00075299 /* front3.png */ = {isa = PBXFileReference; lastKnownFileType = image.png; path = front3.png; sourceTree = "<group>"; };
		1837F4701A4E48ED00075299 /* front4.png */ = {isa = PBXFileReference; lastKnownFileType = image.png; path = front4.png; sourceTree = "<group>"; };
		1837F4711A4E48ED00075299 /* left1.png */ = {isa = PBXFileReference; lastKnownFileType = image.png; path = left1.png; sourceTree = "<group>"; };
		1837F4721A4E48ED00075299 /* left2.png */ = {isa = PBXFileReference; lastKnownFileType = image.png; path = left2.png; sourceTree = "<group>"; };
		1837F4731A4E48ED00075299 /* left3.png */ = {isa = PBXFileReference; lastKnownFileType = image.png; path = left3.png; sourceTree = "<group>"; };
		1837F4741A4E48ED00075299 /* left4.png */ = {isa = PBXFileReference; lastKnownFileType = image.png; path = left4.png; sourceTree = "<group>"; };
		1837F4751A4E48ED00075299 /* right1.png */ = {isa = PBXFileReference; lastKnownFileType = image.png; path = right1.png; sourceTree = "<group>"; };
		1837F4761A4E48ED00075299 /* right2.png */ = {isa = PBXFileReference; lastKnownFileType = image.png; path = right2.png; sourceTree = "<group>"; };
		1837F4771A4E48ED00075299 /* right3.png */ = {isa = PBXFileReference; lastKnownFileType = image.png; path = right3.png; sourceTree = "<group>"; };
		1837F4781A4E48ED00075299 /* right4.png */ = {isa = PBXFileReference; lastKnownFileType = image.png; path = right4.png; sourceTree = "<group>"; };
		189F860C1A32DCCE0016D4EE /* DragonRequest.app */ = {isa = PBXFileReference; explicitFileType = wrapper.application; includeInIndex = 0; path = DragonRequest.app; sourceTree = BUILT_PRODUCTS_DIR; };
		189F86111A32DCCE0016D4EE /* main.m */ = {isa = PBXFileReference; lastKnownFileType = sourcecode.c.objc; path = main.m; sourceTree = "<group>"; };
		189F86131A32DCCE0016D4EE /* AppDelegate.h */ = {isa = PBXFileReference; lastKnownFileType = sourcecode.c.h; path = AppDelegate.h; sourceTree = "<group>"; };
		189F86141A32DCCE0016D4EE /* AppDelegate.m */ = {isa = PBXFileReference; lastKnownFileType = sourcecode.c.objc; path = AppDelegate.m; sourceTree = "<group>"; };
		189F86171A32DCCE0016D4EE /* DragonRequest.xcdatamodel */ = {isa = PBXFileReference; lastKnownFileType = wrapper.xcdatamodel; path = DragonRequest.xcdatamodel; sourceTree = "<group>"; };
		189F86191A32DCCE0016D4EE /* ViewController.h */ = {isa = PBXFileReference; lastKnownFileType = sourcecode.c.h; path = ViewController.h; sourceTree = "<group>"; };
		189F861D1A32DCCE0016D4EE /* Base */ = {isa = PBXFileReference; lastKnownFileType = file.storyboard; name = Base; path = Base.lproj/Main.storyboard; sourceTree = "<group>"; };
		189F861F1A32DCCE0016D4EE /* Images.xcassets */ = {isa = PBXFileReference; lastKnownFileType = folder.assetcatalog; path = Images.xcassets; sourceTree = "<group>"; };
		189F86221A32DCCE0016D4EE /* Base */ = {isa = PBXFileReference; lastKnownFileType = file.xib; name = Base; path = Base.lproj/LaunchScreen.xib; sourceTree = "<group>"; };
		189F86281A32DCCE0016D4EE /* DragonRequestTests.xctest */ = {isa = PBXFileReference; explicitFileType = wrapper.cfbundle; includeInIndex = 0; path = DragonRequestTests.xctest; sourceTree = BUILT_PRODUCTS_DIR; };
		189F862D1A32DCCE0016D4EE /* Info.plist */ = {isa = PBXFileReference; lastKnownFileType = text.plist.xml; path = Info.plist; sourceTree = "<group>"; };
		189F862E1A32DCCE0016D4EE /* DragonRequestTests.m */ = {isa = PBXFileReference; lastKnownFileType = sourcecode.c.objc; path = DragonRequestTests.m; sourceTree = "<group>"; };
		18A0B2791A3C0F8E00CDCF8A /* common.h */ = {isa = PBXFileReference; fileEncoding = 4; lastKnownFileType = sourcecode.c.h; name = common.h; path = DragonRequest/Common/common.h; sourceTree = "<group>"; };
		18A0B27C1A3C111100CDCF8A /* EnemyBoss.h */ = {isa = PBXFileReference; fileEncoding = 4; lastKnownFileType = sourcecode.c.h; name = EnemyBoss.h; path = DragonRequest/Soures/EnemyBoss.h; sourceTree = "<group>"; };
		18A0B27D1A3C111100CDCF8A /* EnemyBoss.m */ = {isa = PBXFileReference; fileEncoding = 4; lastKnownFileType = sourcecode.c.objc; name = EnemyBoss.m; path = DragonRequest/Soures/EnemyBoss.m; sourceTree = "<group>"; };
		18A0B27E1A3C111100CDCF8A /* EnemyMarine.h */ = {isa = PBXFileReference; fileEncoding = 4; lastKnownFileType = sourcecode.c.h; name = EnemyMarine.h; path = DragonRequest/Soures/EnemyMarine.h; sourceTree = "<group>"; };
		18A0B27F1A3C111100CDCF8A /* EnemyMarine.m */ = {isa = PBXFileReference; fileEncoding = 4; lastKnownFileType = sourcecode.c.objc; name = EnemyMarine.m; path = DragonRequest/Soures/EnemyMarine.m; sourceTree = "<group>"; };
		18A0B2801A3C111100CDCF8A /* Human.h */ = {isa = PBXFileReference; fileEncoding = 4; lastKnownFileType = sourcecode.c.h; name = Human.h; path = DragonRequest/Soures/Human.h; sourceTree = "<group>"; };
		18A0B2811A3C111100CDCF8A /* Human.m */ = {isa = PBXFileReference; fileEncoding = 4; lastKnownFileType = sourcecode.c.objc; name = Human.m; path = DragonRequest/Soures/Human.m; sourceTree = "<group>"; };
		18A0B2841A3C111100CDCF8A /* MyHero.h */ = {isa = PBXFileReference; fileEncoding = 4; lastKnownFileType = sourcecode.c.h; name = MyHero.h; path = DragonRequest/Soures/MyHero.h; sourceTree = "<group>"; };
		18A0B2851A3C111100CDCF8A /* MyHero.m */ = {isa = PBXFileReference; fileEncoding = 4; lastKnownFileType = sourcecode.c.objc; name = MyHero.m; path = DragonRequest/Soures/MyHero.m; sourceTree = "<group>"; };
		18A0B28B1A3C11C300CDCF8A /* Info.plist */ = {isa = PBXFileReference; fileEncoding = 4; lastKnownFileType = text.plist.xml; path = Info.plist; sourceTree = "<group>"; };
		18A0B28D1A3C11EA00CDCF8A /* ViewController.m */ = {isa = PBXFileReference; fileEncoding = 4; lastKnownFileType = sourcecode.c.objc; path = ViewController.m; sourceTree = "<group>"; };
		18A0B28F1A3C15C500CDCF8A /* taran.jpg */ = {isa = PBXFileReference; lastKnownFileType = image.jpeg; name = taran.jpg; path = DragonRequest/taran.jpg; sourceTree = "<group>"; };
		18F0C2B91A8F146D008595CB /* FireSpriteImage.m */ = {isa = PBXFileReference; fileEncoding = 4; lastKnownFileType = sourcecode.c.objc; path = FireSpriteImage.m; sourceTree = "<group>"; };
		18F0C2BB1A8F14B6008595CB /* FireSpriteImage.h */ = {isa = PBXFileReference; fileEncoding = 4; lastKnownFileType = sourcecode.c.h; path = FireSpriteImage.h; sourceTree = "<group>"; };
		18F0C2BC1A8F170A008595CB /* BossFightSpriteImage.h */ = {isa = PBXFileReference; fileEncoding = 4; lastKnownFileType = sourcecode.c.h; path = BossFightSpriteImage.h; sourceTree = "<group>"; };
		18F0C2BD1A8F170A008595CB /* BossFightSpriteImage.m */ = {isa = PBXFileReference; fileEncoding = 4; lastKnownFileType = sourcecode.c.objc; path = BossFightSpriteImage.m; sourceTree = "<group>"; };
		18F0C2BF1A8F1772008595CB /* EnemyFightSpriteImage.h */ = {isa = PBXFileReference; fileEncoding = 4; lastKnownFileType = sourcecode.c.h; path = EnemyFightSpriteImage.h; sourceTree = "<group>"; };
		18F0C2C01A8F1772008595CB /* EnemyFightSpriteImage.m */ = {isa = PBXFileReference; fileEncoding = 4; lastKnownFileType = sourcecode.c.objc; path = EnemyFightSpriteImage.m; sourceTree = "<group>"; };
		18F0C2C41A8F1E01008595CB /* pipo-btleffect021.png */ = {isa = PBXFileReference; lastKnownFileType = image.png; path = "pipo-btleffect021.png"; sourceTree = "<group>"; };
		18F0C2C51A8F1E01008595CB /* pipo-btleffect022.png */ = {isa = PBXFileReference; lastKnownFileType = image.png; path = "pipo-btleffect022.png"; sourceTree = "<group>"; };
		18F0C2C61A8F1E01008595CB /* pipo-btleffect023.png */ = {isa = PBXFileReference; lastKnownFileType = image.png; path = "pipo-btleffect023.png"; sourceTree = "<group>"; };
		18F0C2C71A8F1E01008595CB /* pipo-btleffect024.png */ = {isa = PBXFileReference; lastKnownFileType = image.png; path = "pipo-btleffect024.png"; sourceTree = "<group>"; };
		18F0C2C81A8F1E01008595CB /* pipo-btleffect025.png */ = {isa = PBXFileReference; lastKnownFileType = image.png; path = "pipo-btleffect025.png"; sourceTree = "<group>"; };
		18F0C2C91A8F1E01008595CB /* pipo-btleffect026.png */ = {isa = PBXFileReference; lastKnownFileType = image.png; path = "pipo-btleffect026.png"; sourceTree = "<group>"; };
		18F0C2CA1A8F1E01008595CB /* pipo-btleffect027.png */ = {isa = PBXFileReference; lastKnownFileType = image.png; path = "pipo-btleffect027.png"; sourceTree = "<group>"; };
		18F0C2CB1A8F1E01008595CB /* pipo-btleffect028.png */ = {isa = PBXFileReference; lastKnownFileType = image.png; path = "pipo-btleffect028.png"; sourceTree = "<group>"; };
		18F0C2CC1A8F1E01008595CB /* pipo-btleffect029.png */ = {isa = PBXFileReference; lastKnownFileType = image.png; path = "pipo-btleffect029.png"; sourceTree = "<group>"; };
		18F0C2CD1A8F1E01008595CB /* pipo-btleffect030.png */ = {isa = PBXFileReference; lastKnownFileType = image.png; path = "pipo-btleffect030.png"; sourceTree = "<group>"; };
		18F0C2CE1A8F1E01008595CB /* pipo-btleffect031.png */ = {isa = PBXFileReference; lastKnownFileType = image.png; path = "pipo-btleffect031.png"; sourceTree = "<group>"; };
		18F0C2CF1A8F1E01008595CB /* pipo-btleffect032.png */ = {isa = PBXFileReference; lastKnownFileType = image.png; path = "pipo-btleffect032.png"; sourceTree = "<group>"; };
		18F0C2D01A8F1E01008595CB /* pipo-btleffect033.png */ = {isa = PBXFileReference; lastKnownFileType = image.png; path = "pipo-btleffect033.png"; sourceTree = "<group>"; };
		18F0C2D11A8F1E01008595CB /* pipo-btleffect034.png */ = {isa = PBXFileReference; lastKnownFileType = image.png; path = "pipo-btleffect034.png"; sourceTree = "<group>"; };
		18F0C2D21A8F1E01008595CB /* pipo-btleffect035.png */ = {isa = PBXFileReference; lastKnownFileType = image.png; path = "pipo-btleffect035.png"; sourceTree = "<group>"; };
		18F0C2D31A8F1E01008595CB /* pipo-btleffect036.png */ = {isa = PBXFileReference; lastKnownFileType = image.png; path = "pipo-btleffect036.png"; sourceTree = "<group>"; };
		18F0C2D41A8F1E01008595CB /* pipo-btleffect037.png */ = {isa = PBXFileReference; lastKnownFileType = image.png; path = "pipo-btleffect037.png"; sourceTree = "<group>"; };
		18F0C2D51A8F1E01008595CB /* pipo-btleffect038.png */ = {isa = PBXFileReference; lastKnownFileType = image.png; path = "pipo-btleffect038.png"; sourceTree = "<group>"; };
		18F0C2D61A8F1E01008595CB /* pipo-btleffect039.png */ = {isa = PBXFileReference; lastKnownFileType = image.png; path = "pipo-btleffect039.png"; sourceTree = "<group>"; };
		18F0C2D71A8F1E01008595CB /* pipo-btleffect040.png */ = {isa = PBXFileReference; lastKnownFileType = image.png; path = "pipo-btleffect040.png"; sourceTree = "<group>"; };
		18F0C2D81A8F1E01008595CB /* pipo-btleffect041.png */ = {isa = PBXFileReference; lastKnownFileType = image.png; path = "pipo-btleffect041.png"; sourceTree = "<group>"; };
		18F0C2D91A8F1E01008595CB /* pipo-btleffect042.png */ = {isa = PBXFileReference; lastKnownFileType = image.png; path = "pipo-btleffect042.png"; sourceTree = "<group>"; };
		18F0C2DB1A8F1E01008595CB /* pipo-btleffect021@2x.png */ = {isa = PBXFileReference; lastKnownFileType = image.png; path = "pipo-btleffect021@2x.png"; sourceTree = "<group>"; };
		18F0C2DC1A8F1E01008595CB /* pipo-btleffect022@2x.png */ = {isa = PBXFileReference; lastKnownFileType = image.png; path = "pipo-btleffect022@2x.png"; sourceTree = "<group>"; };
		18F0C2DD1A8F1E01008595CB /* pipo-btleffect023@2x.png */ = {isa = PBXFileReference; lastKnownFileType = image.png; path = "pipo-btleffect023@2x.png"; sourceTree = "<group>"; };
		18F0C2DE1A8F1E01008595CB /* pipo-btleffect024@2x.png */ = {isa = PBXFileReference; lastKnownFileType = image.png; path = "pipo-btleffect024@2x.png"; sourceTree = "<group>"; };
		18F0C2DF1A8F1E01008595CB /* pipo-btleffect025@2x.png */ = {isa = PBXFileReference; lastKnownFileType = image.png; path = "pipo-btleffect025@2x.png"; sourceTree = "<group>"; };
		18F0C2E01A8F1E01008595CB /* pipo-btleffect026@2x.png */ = {isa = PBXFileReference; lastKnownFileType = image.png; path = "pipo-btleffect026@2x.png"; sourceTree = "<group>"; };
		18F0C2E11A8F1E01008595CB /* pipo-btleffect027@2x.png */ = {isa = PBXFileReference; lastKnownFileType = image.png; path = "pipo-btleffect027@2x.png"; sourceTree = "<group>"; };
		18F0C2E21A8F1E01008595CB /* pipo-btleffect028@2x.png */ = {isa = PBXFileReference; lastKnownFileType = image.png; path = "pipo-btleffect028@2x.png"; sourceTree = "<group>"; };
		18F0C2E31A8F1E01008595CB /* pipo-btleffect029@2x.png */ = {isa = PBXFileReference; lastKnownFileType = image.png; path = "pipo-btleffect029@2x.png"; sourceTree = "<group>"; };
		18F0C2E41A8F1E01008595CB /* pipo-btleffect030@2x.png */ = {isa = PBXFileReference; lastKnownFileType = image.png; path = "pipo-btleffect030@2x.png"; sourceTree = "<group>"; };
		18F0C2E51A8F1E01008595CB /* pipo-btleffect031@2x.png */ = {isa = PBXFileReference; lastKnownFileType = image.png; path = "pipo-btleffect031@2x.png"; sourceTree = "<group>"; };
		18F0C2E61A8F1E01008595CB /* pipo-btleffect032@2x.png */ = {isa = PBXFileReference; lastKnownFileType = image.png; path = "pipo-btleffect032@2x.png"; sourceTree = "<group>"; };
		18F0C2E71A8F1E01008595CB /* pipo-btleffect033@2x.png */ = {isa = PBXFileReference; lastKnownFileType = image.png; path = "pipo-btleffect033@2x.png"; sourceTree = "<group>"; };
		18F0C2E81A8F1E01008595CB /* pipo-btleffect034@2x.png */ = {isa = PBXFileReference; lastKnownFileType = image.png; path = "pipo-btleffect034@2x.png"; sourceTree = "<group>"; };
		18F0C2E91A8F1E01008595CB /* pipo-btleffect035@2x.png */ = {isa = PBXFileReference; lastKnownFileType = image.png; path = "pipo-btleffect035@2x.png"; sourceTree = "<group>"; };
		18F0C2EA1A8F1E01008595CB /* pipo-btleffect036@2x.png */ = {isa = PBXFileReference; lastKnownFileType = image.png; path = "pipo-btleffect036@2x.png"; sourceTree = "<group>"; };
		18F0C2EB1A8F1E01008595CB /* pipo-btleffect037@2x.png */ = {isa = PBXFileReference; lastKnownFileType = image.png; path = "pipo-btleffect037@2x.png"; sourceTree = "<group>"; };
		18F0C2EC1A8F1E01008595CB /* pipo-btleffect038@2x.png */ = {isa = PBXFileReference; lastKnownFileType = image.png; path = "pipo-btleffect038@2x.png"; sourceTree = "<group>"; };
		18F0C2ED1A8F1E01008595CB /* pipo-btleffect039@2x.png */ = {isa = PBXFileReference; lastKnownFileType = image.png; path = "pipo-btleffect039@2x.png"; sourceTree = "<group>"; };
		18F0C2EE1A8F1E01008595CB /* pipo-btleffect040@2x.png */ = {isa = PBXFileReference; lastKnownFileType = image.png; path = "pipo-btleffect040@2x.png"; sourceTree = "<group>"; };
		18F0C2EF1A8F1E01008595CB /* pipo-btleffect041@2x.png */ = {isa = PBXFileReference; lastKnownFileType = image.png; path = "pipo-btleffect041@2x.png"; sourceTree = "<group>"; };
		18F0C2F01A8F1E01008595CB /* pipo-btleffect042@2x.png */ = {isa = PBXFileReference; lastKnownFileType = image.png; path = "pipo-btleffect042@2x.png"; sourceTree = "<group>"; };
		18F0C2F11A8F1E01008595CB /* readme.txt */ = {isa = PBXFileReference; fileEncoding = 4; lastKnownFileType = text; path = readme.txt; sourceTree = "<group>"; };
		18F0C2F21A8F1E01008595CB /* ウディタアニメーション設定.dbtype */ = {isa = PBXFileReference; lastKnownFileType = file; path = "ウディタアニメーション設定.dbtype"; sourceTree = "<group>"; };
		18F0C3211A8F3822008595CB /* FiraSpriteImage.h */ = {isa = PBXFileReference; fileEncoding = 4; lastKnownFileType = sourcecode.c.h; path = FiraSpriteImage.h; sourceTree = "<group>"; };
		18F0C3221A8F3822008595CB /* FiraSpriteImage.m */ = {isa = PBXFileReference; fileEncoding = 4; lastKnownFileType = sourcecode.c.objc; path = FiraSpriteImage.m; sourceTree = "<group>"; };
		18F0C3241A8F3A78008595CB /* SpriteImage.h */ = {isa = PBXFileReference; fileEncoding = 4; lastKnownFileType = sourcecode.c.h; path = SpriteImage.h; sourceTree = "<group>"; };
		18F0C3251A8F3A78008595CB /* SpriteImage.m */ = {isa = PBXFileReference; fileEncoding = 4; lastKnownFileType = sourcecode.c.objc; path = SpriteImage.m; sourceTree = "<group>"; };
		18F0C3271A8F3DFE008595CB /* FiragaSpriteImage.h */ = {isa = PBXFileReference; fileEncoding = 4; lastKnownFileType = sourcecode.c.h; path = FiragaSpriteImage.h; sourceTree = "<group>"; };
		18F0C3281A8F3DFE008595CB /* FiragaSpriteImage.m */ = {isa = PBXFileReference; fileEncoding = 4; lastKnownFileType = sourcecode.c.objc; path = FiragaSpriteImage.m; sourceTree = "<group>"; };
		612C6EF21A85FEA00089573B /* BossLeftAttack1.png */ = {isa = PBXFileReference; lastKnownFileType = image.png; path = BossLeftAttack1.png; sourceTree = "<group>"; };
		612C6EF31A85FEA00089573B /* BossLeftAttack2.png */ = {isa = PBXFileReference; lastKnownFileType = image.png; path = BossLeftAttack2.png; sourceTree = "<group>"; };
		612C6EF41A85FEA00089573B /* BossLeftAttack3.png */ = {isa = PBXFileReference; lastKnownFileType = image.png; path = BossLeftAttack3.png; sourceTree = "<group>"; };
		612C6EF51A85FEA00089573B /* BossNomal1.png */ = {isa = PBXFileReference; lastKnownFileType = image.png; path = BossNomal1.png; sourceTree = "<group>"; };
		612C6EF61A85FEA00089573B /* BossNomal2.png */ = {isa = PBXFileReference; lastKnownFileType = image.png; path = BossNomal2.png; sourceTree = "<group>"; };
		612C6EF71A85FEA00089573B /* BossNomal3.png */ = {isa = PBXFileReference; lastKnownFileType = image.png; path = BossNomal3.png; sourceTree = "<group>"; };
		612C6EF81A85FEA00089573B /* BossRightAttack1.png */ = {isa = PBXFileReference; lastKnownFileType = image.png; path = BossRightAttack1.png; sourceTree = "<group>"; };
		612C6EF91A85FEA00089573B /* BossRightAttack2.png */ = {isa = PBXFileReference; lastKnownFileType = image.png; path = BossRightAttack2.png; sourceTree = "<group>"; };
		612C6EFA1A85FEA00089573B /* BossRightAttack3.png */ = {isa = PBXFileReference; lastKnownFileType = image.png; path = BossRightAttack3.png; sourceTree = "<group>"; };
		612C6EFC1A85FEA00089573B /* EnemyLeftAttack1.png */ = {isa = PBXFileReference; lastKnownFileType = image.png; path = EnemyLeftAttack1.png; sourceTree = "<group>"; };
		612C6EFD1A85FEA00089573B /* EnemyLeftAttack2.png */ = {isa = PBXFileReference; lastKnownFileType = image.png; path = EnemyLeftAttack2.png; sourceTree = "<group>"; };
		612C6EFE1A85FEA00089573B /* EnemyLeftAttack3.png */ = {isa = PBXFileReference; lastKnownFileType = image.png; path = EnemyLeftAttack3.png; sourceTree = "<group>"; };
		612C6EFF1A85FEA00089573B /* EnemyNomal1.png */ = {isa = PBXFileReference; lastKnownFileType = image.png; path = EnemyNomal1.png; sourceTree = "<group>"; };
		612C6F001A85FEA00089573B /* EnemyNomal2.png */ = {isa = PBXFileReference; lastKnownFileType = image.png; path = EnemyNomal2.png; sourceTree = "<group>"; };
		612C6F011A85FEA00089573B /* EnemyNomal3.png */ = {isa = PBXFileReference; lastKnownFileType = image.png; path = EnemyNomal3.png; sourceTree = "<group>"; };
		612C6F021A85FEA00089573B /* EnemyRightAttack1.png */ = {isa = PBXFileReference; lastKnownFileType = image.png; path = EnemyRightAttack1.png; sourceTree = "<group>"; };
		612C6F031A85FEA00089573B /* EnemyRightAttack2.png */ = {isa = PBXFileReference; lastKnownFileType = image.png; path = EnemyRightAttack2.png; sourceTree = "<group>"; };
		612C6F041A85FEA00089573B /* EnemyRightAttack3.png */ = {isa = PBXFileReference; lastKnownFileType = image.png; path = EnemyRightAttack3.png; sourceTree = "<group>"; };
		612C6F061A85FEA00089573B /* Enemy2LeftAttack1.png */ = {isa = PBXFileReference; lastKnownFileType = image.png; path = Enemy2LeftAttack1.png; sourceTree = "<group>"; };
		612C6F071A85FEA00089573B /* Enemy2LeftAttack2.png */ = {isa = PBXFileReference; lastKnownFileType = image.png; path = Enemy2LeftAttack2.png; sourceTree = "<group>"; };
		612C6F081A85FEA00089573B /* Enemy2LeftAttack3.png */ = {isa = PBXFileReference; lastKnownFileType = image.png; path = Enemy2LeftAttack3.png; sourceTree = "<group>"; };
		612C6F091A85FEA00089573B /* Enemy2Nomal1.png */ = {isa = PBXFileReference; lastKnownFileType = image.png; path = Enemy2Nomal1.png; sourceTree = "<group>"; };
		612C6F0A1A85FEA00089573B /* Enemy2Nomal2.png */ = {isa = PBXFileReference; lastKnownFileType = image.png; path = Enemy2Nomal2.png; sourceTree = "<group>"; };
		612C6F0B1A85FEA00089573B /* Enemy2Nomal3.png */ = {isa = PBXFileReference; lastKnownFileType = image.png; path = Enemy2Nomal3.png; sourceTree = "<group>"; };
		612C6F0C1A85FEA00089573B /* Enemy2RightAttack1.png */ = {isa = PBXFileReference; lastKnownFileType = image.png; path = Enemy2RightAttack1.png; sourceTree = "<group>"; };
		612C6F0D1A85FEA00089573B /* Enemy2RightAttack2.png */ = {isa = PBXFileReference; lastKnownFileType = image.png; path = Enemy2RightAttack2.png; sourceTree = "<group>"; };
		612C6F0E1A85FEA00089573B /* Enemy2RightAttack3.png */ = {isa = PBXFileReference; lastKnownFileType = image.png; path = Enemy2RightAttack3.png; sourceTree = "<group>"; };
		612C6F101A85FEA00089573B /* HeroLeftAttack1.png */ = {isa = PBXFileReference; lastKnownFileType = image.png; path = HeroLeftAttack1.png; sourceTree = "<group>"; };
		612C6F111A85FEA00089573B /* HeroLeftAttack2.png */ = {isa = PBXFileReference; lastKnownFileType = image.png; path = HeroLeftAttack2.png; sourceTree = "<group>"; };
		612C6F121A85FEA00089573B /* HeroLeftAttack3.png */ = {isa = PBXFileReference; lastKnownFileType = image.png; path = HeroLeftAttack3.png; sourceTree = "<group>"; };
		612C6F131A85FEA00089573B /* HeroNomal1.png */ = {isa = PBXFileReference; lastKnownFileType = image.png; path = HeroNomal1.png; sourceTree = "<group>"; };
		612C6F141A85FEA00089573B /* HeroNomal2.png */ = {isa = PBXFileReference; lastKnownFileType = image.png; path = HeroNomal2.png; sourceTree = "<group>"; };
		612C6F151A85FEA00089573B /* HeroNomal3.png */ = {isa = PBXFileReference; lastKnownFileType = image.png; path = HeroNomal3.png; sourceTree = "<group>"; };
		612C6F161A85FEA00089573B /* HeroRightAttack1.png */ = {isa = PBXFileReference; lastKnownFileType = image.png; path = HeroRightAttack1.png; sourceTree = "<group>"; };
		612C6F171A85FEA00089573B /* HeroRightAttack2.png */ = {isa = PBXFileReference; lastKnownFileType = image.png; path = HeroRightAttack2.png; sourceTree = "<group>"; };
		612C6F181A85FEA00089573B /* HeroRightAttack3.png */ = {isa = PBXFileReference; lastKnownFileType = image.png; path = HeroRightAttack3.png; sourceTree = "<group>"; };
/* End PBXFileReference section */

/* Begin PBXFrameworksBuildPhase section */
		189F86091A32DCCE0016D4EE /* Frameworks */ = {
			isa = PBXFrameworksBuildPhase;
			buildActionMask = 2147483647;
			files = (
			);
			runOnlyForDeploymentPostprocessing = 0;
		};
		189F86251A32DCCE0016D4EE /* Frameworks */ = {
			isa = PBXFrameworksBuildPhase;
			buildActionMask = 2147483647;
			files = (
			);
			runOnlyForDeploymentPostprocessing = 0;
		};
/* End PBXFrameworksBuildPhase section */

/* Begin PBXGroup section */
		189F86031A32DCCE0016D4EE = {
			isa = PBXGroup;
			children = (
				612C6EF01A85FEA00089573B /* AnimationImage */,
				18A0B2781A3C0DFF00CDCF8A /* common */,
				18A0B2761A3C067C00CDCF8A /* Objects */,
				18A0B2771A3C0CC400CDCF8A /* Resource */,
				189F860E1A32DCCE0016D4EE /* DragonRequest */,
				189F862B1A32DCCE0016D4EE /* DragonRequestTests */,
				189F860D1A32DCCE0016D4EE /* Products */,
			);
			sourceTree = "<group>";
		};
		189F860D1A32DCCE0016D4EE /* Products */ = {
			isa = PBXGroup;
			children = (
				189F860C1A32DCCE0016D4EE /* DragonRequest.app */,
				189F86281A32DCCE0016D4EE /* DragonRequestTests.xctest */,
			);
			name = Products;
			sourceTree = "<group>";
		};
		189F860E1A32DCCE0016D4EE /* DragonRequest */ = {
			isa = PBXGroup;
			children = (
				189F86191A32DCCE0016D4EE /* ViewController.h */,
				18A0B28D1A3C11EA00CDCF8A /* ViewController.m */,
				18A0B2751A3C05DB00CDCF8A /* App */,
				189F860F1A32DCCE0016D4EE /* Supporting Files */,
			);
			path = DragonRequest;
			sourceTree = "<group>";
		};
		189F860F1A32DCCE0016D4EE /* Supporting Files */ = {
			isa = PBXGroup;
			children = (
				18A0B28B1A3C11C300CDCF8A /* Info.plist */,
				189F86111A32DCCE0016D4EE /* main.m */,
			);
			name = "Supporting Files";
			sourceTree = "<group>";
		};
		189F862B1A32DCCE0016D4EE /* DragonRequestTests */ = {
			isa = PBXGroup;
			children = (
				189F862E1A32DCCE0016D4EE /* DragonRequestTests.m */,
				189F862C1A32DCCE0016D4EE /* Supporting Files */,
			);
			path = DragonRequestTests;
			sourceTree = "<group>";
		};
		189F862C1A32DCCE0016D4EE /* Supporting Files */ = {
			isa = PBXGroup;
			children = (
				189F862D1A32DCCE0016D4EE /* Info.plist */,
			);
			name = "Supporting Files";
			sourceTree = "<group>";
		};
		18A0B2751A3C05DB00CDCF8A /* App */ = {
			isa = PBXGroup;
			children = (
				189F86131A32DCCE0016D4EE /* AppDelegate.h */,
				189F86141A32DCCE0016D4EE /* AppDelegate.m */,
				189F861C1A32DCCE0016D4EE /* Main.storyboard */,
				189F861F1A32DCCE0016D4EE /* Images.xcassets */,
				189F86211A32DCCE0016D4EE /* LaunchScreen.xib */,
				189F86161A32DCCE0016D4EE /* DragonRequest.xcdatamodeld */,
			);
			name = App;
			sourceTree = "<group>";
		};
		18A0B2761A3C067C00CDCF8A /* Objects */ = {
			isa = PBXGroup;
			children = (
				18F0C3241A8F3A78008595CB /* SpriteImage.h */,
				18F0C3251A8F3A78008595CB /* SpriteImage.m */,
				0703FD281A4EC145009B6D8E /* HeroSpriteImageTrim.h */,
				0703FD291A4EC145009B6D8E /* HeroSpriteImageTrim.m */,
				0703FD2A1A4EC145009B6D8E /* SpriteImageTrim.h */,
				0703FD2B1A4EC145009B6D8E /* SpriteImageTrim.m */,
				18A0B2801A3C111100CDCF8A /* Human.h */,
				18A0B2811A3C111100CDCF8A /* Human.m */,
				18A0B2841A3C111100CDCF8A /* MyHero.h */,
				18A0B2851A3C111100CDCF8A /* MyHero.m */,
				18A0B27E1A3C111100CDCF8A /* EnemyMarine.h */,
				18A0B27F1A3C111100CDCF8A /* EnemyMarine.m */,
				18A0B27C1A3C111100CDCF8A /* EnemyBoss.h */,
				18A0B27D1A3C111100CDCF8A /* EnemyBoss.m */,
				0750AE321A6A2E5A00DD05A3 /* BossSpriteImage.h */,
				0750AE331A6A2E7200DD05A3 /* BossSpriteImage.m */,
				18F0C2BB1A8F14B6008595CB /* FireSpriteImage.h */,
				18F0C2B91A8F146D008595CB /* FireSpriteImage.m */,
				18F0C3211A8F3822008595CB /* FiraSpriteImage.h */,
				18F0C3221A8F3822008595CB /* FiraSpriteImage.m */,
				18F0C3271A8F3DFE008595CB /* FiragaSpriteImage.h */,
				18F0C3281A8F3DFE008595CB /* FiragaSpriteImage.m */,
				18F0C2BF1A8F1772008595CB /* EnemyFightSpriteImage.h */,
				18F0C2C01A8F1772008595CB /* EnemyFightSpriteImage.m */,
				18F0C2BC1A8F170A008595CB /* BossFightSpriteImage.h */,
				18F0C2BD1A8F170A008595CB /* BossFightSpriteImage.m */,
			);
			name = Objects;
			sourceTree = "<group>";
		};
		18A0B2771A3C0CC400CDCF8A /* Resource */ = {
			isa = PBXGroup;
			children = (
				18A0B2E41A3C182500CDCF8A /* EnemyMarine */,
				18A0B2E51A3C185E00CDCF8A /* human */,
				18A0B2E31A3C17EB00CDCF8A /* boss */,
				18A0B28F1A3C15C500CDCF8A /* taran.jpg */,
			);
			name = Resource;
			sourceTree = "<group>";
		};
		18A0B2781A3C0DFF00CDCF8A /* common */ = {
			isa = PBXGroup;
			children = (
				18A0B2791A3C0F8E00CDCF8A /* common.h */,
			);
			name = common;
			sourceTree = "<group>";
		};
		18A0B2E31A3C17EB00CDCF8A /* boss */ = {
			isa = PBXGroup;
			children = (
				0750AE3F1A6A5FC500DD05A3 /* hero3.png */,
				0750AE351A6A44D000DD05A3 /* dragon1.png */,
				1837F4391A4E484E00075299 /* dragon_orange_bt01@2x.png */,
				1837F43A1A4E484E00075299 /* dragon_orange_bt02@2x.png */,
				1837F43B1A4E484E00075299 /* dragon_orange_bt03@2x.png */,
				1837F43C1A4E484E00075299 /* dragon_orange_lr01@2x.png */,
				1837F43D1A4E484E00075299 /* dragon_orange_lr02@2x.png */,
				1837F43E1A4E484E00075299 /* dragon_orange_lr03@2x.png */,
				1837F43F1A4E484E00075299 /* dragon_orange_rl01@2x.png */,
				1837F4401A4E484E00075299 /* dragon_orange_rl02@2x.png */,
				1837F4411A4E484E00075299 /* dragon_orange_rl03@2x.png */,
				1837F4421A4E484E00075299 /* dragon_orange_tb01@2x.png */,
				1837F4431A4E484E00075299 /* dragon_orange_tb02@2x.png */,
				1837F4441A4E484E00075299 /* dragon_orange_tb03@2x.png */,
			);
			name = boss;
			sourceTree = "<group>";
		};
		18A0B2E41A3C182500CDCF8A /* EnemyMarine */ = {
			isa = PBXGroup;
			children = (
				1837F4691A4E48ED00075299 /* back1.png */,
				1837F46A1A4E48ED00075299 /* back2.png */,
				1837F46B1A4E48ED00075299 /* back3.png */,
				1837F46C1A4E48ED00075299 /* back4.png */,
				1837F46D1A4E48ED00075299 /* front1.png */,
				1837F46E1A4E48ED00075299 /* front2.png */,
				1837F46F1A4E48ED00075299 /* front3.png */,
				1837F4701A4E48ED00075299 /* front4.png */,
				1837F4711A4E48ED00075299 /* left1.png */,
				1837F4721A4E48ED00075299 /* left2.png */,
				1837F4731A4E48ED00075299 /* left3.png */,
				1837F4741A4E48ED00075299 /* left4.png */,
				1837F4751A4E48ED00075299 /* right1.png */,
				1837F4761A4E48ED00075299 /* right2.png */,
				1837F4771A4E48ED00075299 /* right3.png */,
				1837F4781A4E48ED00075299 /* right4.png */,
			);
			name = EnemyMarine;
			sourceTree = "<group>";
		};
		18A0B2E51A3C185E00CDCF8A /* human */ = {
			isa = PBXGroup;
			children = (
				0750AE371A6A546B00DD05A3 /* hero1.png */,
				1837F4511A4E48C100075299 /* bt01.png */,
				1837F4521A4E48C100075299 /* bt02.png */,
				1837F4531A4E48C100075299 /* bt03.png */,
				1837F4541A4E48C100075299 /* lr01.png */,
				1837F4551A4E48C100075299 /* lr02.png */,
				1837F4561A4E48C100075299 /* lr03.png */,
				1837F4571A4E48C100075299 /* rl01.png */,
				1837F4581A4E48C100075299 /* rl02.png */,
				0750AE3B1A6A5DE000DD05A3 /* dragon3.png */,
				1837F4591A4E48C100075299 /* rl03.png */,
				1837F45A1A4E48C100075299 /* tb01.png */,
				1837F45B1A4E48C100075299 /* tb02.png */,
				1837F45C1A4E48C100075299 /* tb03.png */,
			);
			name = human;
			sourceTree = "<group>";
		};
		18F0C2C21A8F1E01008595CB /* effect */ = {
			isa = PBXGroup;
			children = (
				18F0C2C31A8F1E01008595CB /* 320×240 */,
				18F0C2DA1A8F1E01008595CB /* 640×480 */,
				18F0C2F11A8F1E01008595CB /* readme.txt */,
				18F0C2F21A8F1E01008595CB /* ウディタアニメーション設定.dbtype */,
			);
			path = effect;
			sourceTree = "<group>";
		};
		18F0C2C31A8F1E01008595CB /* 320×240 */ = {
			isa = PBXGroup;
			children = (
				18F0C2C41A8F1E01008595CB /* pipo-btleffect021.png */,
				18F0C2C51A8F1E01008595CB /* pipo-btleffect022.png */,
				18F0C2C61A8F1E01008595CB /* pipo-btleffect023.png */,
				18F0C2C71A8F1E01008595CB /* pipo-btleffect024.png */,
				18F0C2C81A8F1E01008595CB /* pipo-btleffect025.png */,
				18F0C2C91A8F1E01008595CB /* pipo-btleffect026.png */,
				18F0C2CA1A8F1E01008595CB /* pipo-btleffect027.png */,
				18F0C2CB1A8F1E01008595CB /* pipo-btleffect028.png */,
				18F0C2CC1A8F1E01008595CB /* pipo-btleffect029.png */,
				18F0C2CD1A8F1E01008595CB /* pipo-btleffect030.png */,
				18F0C2CE1A8F1E01008595CB /* pipo-btleffect031.png */,
				18F0C2CF1A8F1E01008595CB /* pipo-btleffect032.png */,
				18F0C2D01A8F1E01008595CB /* pipo-btleffect033.png */,
				18F0C2D11A8F1E01008595CB /* pipo-btleffect034.png */,
				18F0C2D21A8F1E01008595CB /* pipo-btleffect035.png */,
				18F0C2D31A8F1E01008595CB /* pipo-btleffect036.png */,
				18F0C2D41A8F1E01008595CB /* pipo-btleffect037.png */,
				18F0C2D51A8F1E01008595CB /* pipo-btleffect038.png */,
				18F0C2D61A8F1E01008595CB /* pipo-btleffect039.png */,
				18F0C2D71A8F1E01008595CB /* pipo-btleffect040.png */,
				18F0C2D81A8F1E01008595CB /* pipo-btleffect041.png */,
				18F0C2D91A8F1E01008595CB /* pipo-btleffect042.png */,
			);
			path = "320×240";
			sourceTree = "<group>";
		};
		18F0C2DA1A8F1E01008595CB /* 640×480 */ = {
			isa = PBXGroup;
			children = (
				18F0C2DB1A8F1E01008595CB /* pipo-btleffect021@2x.png */,
				18F0C2DC1A8F1E01008595CB /* pipo-btleffect022@2x.png */,
				18F0C2DD1A8F1E01008595CB /* pipo-btleffect023@2x.png */,
				18F0C2DE1A8F1E01008595CB /* pipo-btleffect024@2x.png */,
				18F0C2DF1A8F1E01008595CB /* pipo-btleffect025@2x.png */,
				18F0C2E01A8F1E01008595CB /* pipo-btleffect026@2x.png */,
				18F0C2E11A8F1E01008595CB /* pipo-btleffect027@2x.png */,
				18F0C2E21A8F1E01008595CB /* pipo-btleffect028@2x.png */,
				18F0C2E31A8F1E01008595CB /* pipo-btleffect029@2x.png */,
				18F0C2E41A8F1E01008595CB /* pipo-btleffect030@2x.png */,
				18F0C2E51A8F1E01008595CB /* pipo-btleffect031@2x.png */,
				18F0C2E61A8F1E01008595CB /* pipo-btleffect032@2x.png */,
				18F0C2E71A8F1E01008595CB /* pipo-btleffect033@2x.png */,
				18F0C2E81A8F1E01008595CB /* pipo-btleffect034@2x.png */,
				18F0C2E91A8F1E01008595CB /* pipo-btleffect035@2x.png */,
				18F0C2EA1A8F1E01008595CB /* pipo-btleffect036@2x.png */,
				18F0C2EB1A8F1E01008595CB /* pipo-btleffect037@2x.png */,
				18F0C2EC1A8F1E01008595CB /* pipo-btleffect038@2x.png */,
				18F0C2ED1A8F1E01008595CB /* pipo-btleffect039@2x.png */,
				18F0C2EE1A8F1E01008595CB /* pipo-btleffect040@2x.png */,
				18F0C2EF1A8F1E01008595CB /* pipo-btleffect041@2x.png */,
				18F0C2F01A8F1E01008595CB /* pipo-btleffect042@2x.png */,
			);
			path = "640×480";
			sourceTree = "<group>";
		};
		612C6EF01A85FEA00089573B /* AnimationImage */ = {
			isa = PBXGroup;
			children = (
				18F0C2C21A8F1E01008595CB /* effect */,
				612C6EF11A85FEA00089573B /* boss */,
				612C6EFB1A85FEA00089573B /* enemy */,
				612C6F051A85FEA00089573B /* enemy2 */,
				612C6F0F1A85FEA00089573B /* hero */,
			);
			path = AnimationImage;
			sourceTree = "<group>";
		};
		612C6EF11A85FEA00089573B /* boss */ = {
			isa = PBXGroup;
			children = (
				612C6EF21A85FEA00089573B /* BossLeftAttack1.png */,
				612C6EF31A85FEA00089573B /* BossLeftAttack2.png */,
				612C6EF41A85FEA00089573B /* BossLeftAttack3.png */,
				612C6EF51A85FEA00089573B /* BossNomal1.png */,
				612C6EF61A85FEA00089573B /* BossNomal2.png */,
				612C6EF71A85FEA00089573B /* BossNomal3.png */,
				612C6EF81A85FEA00089573B /* BossRightAttack1.png */,
				612C6EF91A85FEA00089573B /* BossRightAttack2.png */,
				612C6EFA1A85FEA00089573B /* BossRightAttack3.png */,
			);
			path = boss;
			sourceTree = "<group>";
		};
		612C6EFB1A85FEA00089573B /* enemy */ = {
			isa = PBXGroup;
			children = (
				612C6EFC1A85FEA00089573B /* EnemyLeftAttack1.png */,
				612C6EFD1A85FEA00089573B /* EnemyLeftAttack2.png */,
				612C6EFE1A85FEA00089573B /* EnemyLeftAttack3.png */,
				612C6EFF1A85FEA00089573B /* EnemyNomal1.png */,
				612C6F001A85FEA00089573B /* EnemyNomal2.png */,
				612C6F011A85FEA00089573B /* EnemyNomal3.png */,
				612C6F021A85FEA00089573B /* EnemyRightAttack1.png */,
				612C6F031A85FEA00089573B /* EnemyRightAttack2.png */,
				612C6F041A85FEA00089573B /* EnemyRightAttack3.png */,
			);
			path = enemy;
			sourceTree = "<group>";
		};
		612C6F051A85FEA00089573B /* enemy2 */ = {
			isa = PBXGroup;
			children = (
				612C6F061A85FEA00089573B /* Enemy2LeftAttack1.png */,
				612C6F071A85FEA00089573B /* Enemy2LeftAttack2.png */,
				612C6F081A85FEA00089573B /* Enemy2LeftAttack3.png */,
				612C6F091A85FEA00089573B /* Enemy2Nomal1.png */,
				612C6F0A1A85FEA00089573B /* Enemy2Nomal2.png */,
				612C6F0B1A85FEA00089573B /* Enemy2Nomal3.png */,
				612C6F0C1A85FEA00089573B /* Enemy2RightAttack1.png */,
				612C6F0D1A85FEA00089573B /* Enemy2RightAttack2.png */,
				612C6F0E1A85FEA00089573B /* Enemy2RightAttack3.png */,
			);
			path = enemy2;
			sourceTree = "<group>";
		};
		612C6F0F1A85FEA00089573B /* hero */ = {
			isa = PBXGroup;
			children = (
				612C6F101A85FEA00089573B /* HeroLeftAttack1.png */,
				612C6F111A85FEA00089573B /* HeroLeftAttack2.png */,
				612C6F121A85FEA00089573B /* HeroLeftAttack3.png */,
				612C6F131A85FEA00089573B /* HeroNomal1.png */,
				612C6F141A85FEA00089573B /* HeroNomal2.png */,
				612C6F151A85FEA00089573B /* HeroNomal3.png */,
				612C6F161A85FEA00089573B /* HeroRightAttack1.png */,
				612C6F171A85FEA00089573B /* HeroRightAttack2.png */,
				612C6F181A85FEA00089573B /* HeroRightAttack3.png */,
			);
			path = hero;
			sourceTree = "<group>";
		};
/* End PBXGroup section */

/* Begin PBXNativeTarget section */
		189F860B1A32DCCE0016D4EE /* DragonRequest */ = {
			isa = PBXNativeTarget;
			buildConfigurationList = 189F86321A32DCCE0016D4EE /* Build configuration list for PBXNativeTarget "DragonRequest" */;
			buildPhases = (
				189F86081A32DCCE0016D4EE /* Sources */,
				189F86091A32DCCE0016D4EE /* Frameworks */,
				189F860A1A32DCCE0016D4EE /* Resources */,
			);
			buildRules = (
			);
			dependencies = (
			);
			name = DragonRequest;
			productName = DragonRequest;
			productReference = 189F860C1A32DCCE0016D4EE /* DragonRequest.app */;
			productType = "com.apple.product-type.application";
		};
		189F86271A32DCCE0016D4EE /* DragonRequestTests */ = {
			isa = PBXNativeTarget;
			buildConfigurationList = 189F86351A32DCCE0016D4EE /* Build configuration list for PBXNativeTarget "DragonRequestTests" */;
			buildPhases = (
				189F86241A32DCCE0016D4EE /* Sources */,
				189F86251A32DCCE0016D4EE /* Frameworks */,
				189F86261A32DCCE0016D4EE /* Resources */,
			);
			buildRules = (
			);
			dependencies = (
				189F862A1A32DCCE0016D4EE /* PBXTargetDependency */,
			);
			name = DragonRequestTests;
			productName = DragonRequestTests;
			productReference = 189F86281A32DCCE0016D4EE /* DragonRequestTests.xctest */;
			productType = "com.apple.product-type.bundle.unit-test";
		};
/* End PBXNativeTarget section */

/* Begin PBXProject section */
		189F86041A32DCCE0016D4EE /* Project object */ = {
			isa = PBXProject;
			attributes = {
				LastUpgradeCheck = 0610;
				ORGANIZATIONNAME = Apple;
				TargetAttributes = {
					189F860B1A32DCCE0016D4EE = {
						CreatedOnToolsVersion = 6.0.1;
						DevelopmentTeam = T96TP5477V;
					};
					189F86271A32DCCE0016D4EE = {
						CreatedOnToolsVersion = 6.0.1;
						TestTargetID = 189F860B1A32DCCE0016D4EE;
					};
				};
			};
			buildConfigurationList = 189F86071A32DCCE0016D4EE /* Build configuration list for PBXProject "DragonRequest" */;
			compatibilityVersion = "Xcode 3.2";
			developmentRegion = English;
			hasScannedForEncodings = 0;
			knownRegions = (
				en,
				Base,
			);
			mainGroup = 189F86031A32DCCE0016D4EE;
			productRefGroup = 189F860D1A32DCCE0016D4EE /* Products */;
			projectDirPath = "";
			projectRoot = "";
			targets = (
				189F860B1A32DCCE0016D4EE /* DragonRequest */,
				189F86271A32DCCE0016D4EE /* DragonRequestTests */,
			);
		};
/* End PBXProject section */

/* Begin PBXResourcesBuildPhase section */
		189F860A1A32DCCE0016D4EE /* Resources */ = {
			isa = PBXResourcesBuildPhase;
			buildActionMask = 2147483647;
			files = (
				1837F47B1A4E48ED00075299 /* back3.png in Resources */,
				18F0C30A1A8F1E01008595CB /* pipo-btleffect022@2x.png in Resources */,
				18F0C3091A8F1E01008595CB /* pipo-btleffect021@2x.png in Resources */,
				1837F4481A4E484E00075299 /* dragon_orange_lr01@2x.png in Resources */,
				1837F44E1A4E484E00075299 /* dragon_orange_tb01@2x.png in Resources */,
				612C6F241A85FEA00089573B /* EnemyLeftAttack3.png in Resources */,
				1837F4661A4E48C100075299 /* tb01.png in Resources */,
				18F0C3171A8F1E01008595CB /* pipo-btleffect035@2x.png in Resources */,
				1837F4811A4E48ED00075299 /* left1.png in Resources */,
				612C6F221A85FEA00089573B /* EnemyLeftAttack1.png in Resources */,
				612C6F201A85FEA00089573B /* BossRightAttack2.png in Resources */,
				612C6F1B1A85FEA00089573B /* BossLeftAttack3.png in Resources */,
				1837F4631A4E48C100075299 /* rl01.png in Resources */,
				0750AE3C1A6A5DE000DD05A3 /* dragon3.png in Resources */,
				0750AE381A6A546B00DD05A3 /* hero1.png in Resources */,
				612C6F271A85FEA00089573B /* EnemyNomal3.png in Resources */,
				612C6F281A85FEA00089573B /* EnemyRightAttack1.png in Resources */,
				612C6F211A85FEA00089573B /* BossRightAttack3.png in Resources */,
				612C6F291A85FEA00089573B /* EnemyRightAttack2.png in Resources */,
				1837F4851A4E48ED00075299 /* right1.png in Resources */,
				18F0C30F1A8F1E01008595CB /* pipo-btleffect027@2x.png in Resources */,
				1837F45D1A4E48C100075299 /* bt01.png in Resources */,
				18F0C2FF1A8F1E01008595CB /* pipo-btleffect033.png in Resources */,
				18F0C2F71A8F1E01008595CB /* pipo-btleffect025.png in Resources */,
				612C6F3C1A85FEA00089573B /* HeroRightAttack3.png in Resources */,
				1837F4451A4E484E00075299 /* dragon_orange_bt01@2x.png in Resources */,
				1837F47D1A4E48ED00075299 /* front1.png in Resources */,
				612C6F361A85FEA00089573B /* HeroLeftAttack3.png in Resources */,
				612C6F341A85FEA00089573B /* HeroLeftAttack1.png in Resources */,
				1837F4791A4E48ED00075299 /* back1.png in Resources */,
				1837F4831A4E48ED00075299 /* left3.png in Resources */,
				18F0C31E1A8F1E01008595CB /* pipo-btleffect042@2x.png in Resources */,
				612C6F381A85FEA00089573B /* HeroNomal2.png in Resources */,
				18F0C2FD1A8F1E01008595CB /* pipo-btleffect031.png in Resources */,
				1837F47F1A4E48ED00075299 /* front3.png in Resources */,
				612C6F3A1A85FEA00089573B /* HeroRightAttack1.png in Resources */,
				1837F4621A4E48C100075299 /* lr03.png in Resources */,
				612C6F391A85FEA00089573B /* HeroNomal3.png in Resources */,
				1837F44F1A4E484E00075299 /* dragon_orange_tb02@2x.png in Resources */,
				612C6F2E1A85FEA00089573B /* Enemy2Nomal1.png in Resources */,
				1837F4461A4E484E00075299 /* dragon_orange_bt02@2x.png in Resources */,
				612C6F321A85FEA00089573B /* Enemy2RightAttack2.png in Resources */,
				18F0C3021A8F1E01008595CB /* pipo-btleffect036.png in Resources */,
				1837F4491A4E484E00075299 /* dragon_orange_lr02@2x.png in Resources */,
				18F0C3141A8F1E01008595CB /* pipo-btleffect032@2x.png in Resources */,
				612C6F191A85FEA00089573B /* BossLeftAttack1.png in Resources */,
				0750AE401A6A5FC500DD05A3 /* hero3.png in Resources */,
				18F0C2FA1A8F1E01008595CB /* pipo-btleffect028.png in Resources */,
				18F0C2FB1A8F1E01008595CB /* pipo-btleffect029.png in Resources */,
				612C6F1C1A85FEA00089573B /* BossNomal1.png in Resources */,
				18F0C3151A8F1E01008595CB /* pipo-btleffect033@2x.png in Resources */,
				612C6F351A85FEA00089573B /* HeroLeftAttack2.png in Resources */,
				18F0C30B1A8F1E01008595CB /* pipo-btleffect023@2x.png in Resources */,
				1837F44D1A4E484E00075299 /* dragon_orange_rl03@2x.png in Resources */,
				1837F4861A4E48ED00075299 /* right2.png in Resources */,
				1837F4801A4E48ED00075299 /* front4.png in Resources */,
				189F861E1A32DCCE0016D4EE /* Main.storyboard in Resources */,
				18F0C2F91A8F1E01008595CB /* pipo-btleffect027.png in Resources */,
				612C6F1E1A85FEA00089573B /* BossNomal3.png in Resources */,
				18F0C3041A8F1E01008595CB /* pipo-btleffect038.png in Resources */,
				189F86231A32DCCE0016D4EE /* LaunchScreen.xib in Resources */,
				18F0C3181A8F1E01008595CB /* pipo-btleffect036@2x.png in Resources */,
				612C6F371A85FEA00089573B /* HeroNomal1.png in Resources */,
				18F0C3081A8F1E01008595CB /* pipo-btleffect042.png in Resources */,
				612C6F2B1A85FEA00089573B /* Enemy2LeftAttack1.png in Resources */,
				1837F4471A4E484E00075299 /* dragon_orange_bt03@2x.png in Resources */,
				18F0C3061A8F1E01008595CB /* pipo-btleffect040.png in Resources */,
				18F0C3161A8F1E01008595CB /* pipo-btleffect034@2x.png in Resources */,
				18F0C3071A8F1E01008595CB /* pipo-btleffect041.png in Resources */,
				612C6F311A85FEA00089573B /* Enemy2RightAttack1.png in Resources */,
				18F0C30C1A8F1E01008595CB /* pipo-btleffect024@2x.png in Resources */,
				1837F4821A4E48ED00075299 /* left2.png in Resources */,
				18F0C30E1A8F1E01008595CB /* pipo-btleffect026@2x.png in Resources */,
				18F0C2F41A8F1E01008595CB /* pipo-btleffect022.png in Resources */,
				18F0C3121A8F1E01008595CB /* pipo-btleffect030@2x.png in Resources */,
				1837F4881A4E48ED00075299 /* right4.png in Resources */,
				18F0C3101A8F1E01008595CB /* pipo-btleffect028@2x.png in Resources */,
				612C6F231A85FEA00089573B /* EnemyLeftAttack2.png in Resources */,
				1837F4681A4E48C100075299 /* tb03.png in Resources */,
				1837F4501A4E484E00075299 /* dragon_orange_tb03@2x.png in Resources */,
				18F0C3001A8F1E01008595CB /* pipo-btleffect034.png in Resources */,
				612C6F261A85FEA00089573B /* EnemyNomal2.png in Resources */,
				18F0C3011A8F1E01008595CB /* pipo-btleffect035.png in Resources */,
				612C6F301A85FEA00089573B /* Enemy2Nomal3.png in Resources */,
				1837F45E1A4E48C100075299 /* bt02.png in Resources */,
				18F0C2F31A8F1E01008595CB /* pipo-btleffect021.png in Resources */,
				1837F44A1A4E484E00075299 /* dragon_orange_lr03@2x.png in Resources */,
				1837F4641A4E48C100075299 /* rl02.png in Resources */,
				18A0B2901A3C15C500CDCF8A /* taran.jpg in Resources */,
				612C6F1D1A85FEA00089573B /* BossNomal2.png in Resources */,
				18F0C31D1A8F1E01008595CB /* pipo-btleffect041@2x.png in Resources */,
				612C6F1A1A85FEA00089573B /* BossLeftAttack2.png in Resources */,
				1837F44C1A4E484E00075299 /* dragon_orange_rl02@2x.png in Resources */,
				18F0C30D1A8F1E01008595CB /* pipo-btleffect025@2x.png in Resources */,
				1837F4841A4E48ED00075299 /* left4.png in Resources */,
				18F0C3111A8F1E01008595CB /* pipo-btleffect029@2x.png in Resources */,
				18F0C2F61A8F1E01008595CB /* pipo-btleffect024.png in Resources */,
				612C6F3B1A85FEA00089573B /* HeroRightAttack2.png in Resources */,
				1837F45F1A4E48C100075299 /* bt03.png in Resources */,
				612C6F2D1A85FEA00089573B /* Enemy2LeftAttack3.png in Resources */,
				18F0C3051A8F1E01008595CB /* pipo-btleffect039.png in Resources */,
				1837F47A1A4E48ED00075299 /* back2.png in Resources */,
				18F0C2F81A8F1E01008595CB /* pipo-btleffect026.png in Resources */,
				1837F44B1A4E484E00075299 /* dragon_orange_rl01@2x.png in Resources */,
				612C6F1F1A85FEA00089573B /* BossRightAttack1.png in Resources */,
				18F0C31B1A8F1E01008595CB /* pipo-btleffect039@2x.png in Resources */,
				612C6F2A1A85FEA00089573B /* EnemyRightAttack3.png in Resources */,
				1837F47C1A4E48ED00075299 /* back4.png in Resources */,
				18F0C2FE1A8F1E01008595CB /* pipo-btleffect032.png in Resources */,
				1837F47E1A4E48ED00075299 /* front2.png in Resources */,
				612C6F251A85FEA00089573B /* EnemyNomal1.png in Resources */,
				1837F4871A4E48ED00075299 /* right3.png in Resources */,
				612C6F2C1A85FEA00089573B /* Enemy2LeftAttack2.png in Resources */,
				0750AE361A6A44D000DD05A3 /* dragon1.png in Resources */,
				612C6F2F1A85FEA00089573B /* Enemy2Nomal2.png in Resources */,
				1837F4671A4E48C100075299 /* tb02.png in Resources */,
				18F0C2F51A8F1E01008595CB /* pipo-btleffect023.png in Resources */,
				18F0C31C1A8F1E01008595CB /* pipo-btleffect040@2x.png in Resources */,
				18F0C3191A8F1E01008595CB /* pipo-btleffect037@2x.png in Resources */,
				1837F4651A4E48C100075299 /* rl03.png in Resources */,
				18F0C31A1A8F1E01008595CB /* pipo-btleffect038@2x.png in Resources */,
				18F0C2FC1A8F1E01008595CB /* pipo-btleffect030.png in Resources */,
				612C6F331A85FEA00089573B /* Enemy2RightAttack3.png in Resources */,
				18F0C3131A8F1E01008595CB /* pipo-btleffect031@2x.png in Resources */,
				189F86201A32DCCE0016D4EE /* Images.xcassets in Resources */,
				1837F4601A4E48C100075299 /* lr01.png in Resources */,
				1837F4611A4E48C100075299 /* lr02.png in Resources */,
				18F0C3031A8F1E01008595CB /* pipo-btleffect037.png in Resources */,
			);
			runOnlyForDeploymentPostprocessing = 0;
		};
		189F86261A32DCCE0016D4EE /* Resources */ = {
			isa = PBXResourcesBuildPhase;
			buildActionMask = 2147483647;
			files = (
			);
			runOnlyForDeploymentPostprocessing = 0;
		};
/* End PBXResourcesBuildPhase section */

/* Begin PBXSourcesBuildPhase section */
		189F86081A32DCCE0016D4EE /* Sources */ = {
			isa = PBXSourcesBuildPhase;
			buildActionMask = 2147483647;
			files = (
				18A0B2881A3C111100CDCF8A /* Human.m in Sources */,
				0703FD2C1A4EC145009B6D8E /* HeroSpriteImageTrim.m in Sources */,
				18F0C3261A8F3A78008595CB /* SpriteImage.m in Sources */,
				18A0B2871A3C111100CDCF8A /* EnemyMarine.m in Sources */,
				18F0C2BA1A8F146D008595CB /* FireSpriteImage.m in Sources */,
				18F0C3231A8F3822008595CB /* FiraSpriteImage.m in Sources */,
				18F0C2C11A8F1772008595CB /* EnemyFightSpriteImage.m in Sources */,
				189F86181A32DCCE0016D4EE /* DragonRequest.xcdatamodeld in Sources */,
				18A0B2861A3C111100CDCF8A /* EnemyBoss.m in Sources */,
				18F0C3291A8F3DFE008595CB /* FiragaSpriteImage.m in Sources */,
				18A0B28E1A3C11EA00CDCF8A /* ViewController.m in Sources */,
				0750AE341A6A2E7200DD05A3 /* BossSpriteImage.m in Sources */,
				189F86151A32DCCE0016D4EE /* AppDelegate.m in Sources */,
				189F86121A32DCCE0016D4EE /* main.m in Sources */,
				18F0C2BE1A8F170A008595CB /* BossFightSpriteImage.m in Sources */,
				0703FD2D1A4EC145009B6D8E /* SpriteImageTrim.m in Sources */,
				18A0B28A1A3C111100CDCF8A /* MyHero.m in Sources */,
			);
			runOnlyForDeploymentPostprocessing = 0;
		};
		189F86241A32DCCE0016D4EE /* Sources */ = {
			isa = PBXSourcesBuildPhase;
			buildActionMask = 2147483647;
			files = (
				189F862F1A32DCCE0016D4EE /* DragonRequestTests.m in Sources */,
			);
			runOnlyForDeploymentPostprocessing = 0;
		};
/* End PBXSourcesBuildPhase section */

/* Begin PBXTargetDependency section */
		189F862A1A32DCCE0016D4EE /* PBXTargetDependency */ = {
			isa = PBXTargetDependency;
			target = 189F860B1A32DCCE0016D4EE /* DragonRequest */;
			targetProxy = 189F86291A32DCCE0016D4EE /* PBXContainerItemProxy */;
		};
/* End PBXTargetDependency section */

/* Begin PBXVariantGroup section */
		189F861C1A32DCCE0016D4EE /* Main.storyboard */ = {
			isa = PBXVariantGroup;
			children = (
				189F861D1A32DCCE0016D4EE /* Base */,
			);
			name = Main.storyboard;
			sourceTree = "<group>";
		};
		189F86211A32DCCE0016D4EE /* LaunchScreen.xib */ = {
			isa = PBXVariantGroup;
			children = (
				189F86221A32DCCE0016D4EE /* Base */,
			);
			name = LaunchScreen.xib;
			sourceTree = "<group>";
		};
/* End PBXVariantGroup section */

/* Begin XCBuildConfiguration section */
		189F86301A32DCCE0016D4EE /* Debug */ = {
			isa = XCBuildConfiguration;
			buildSettings = {
				ALWAYS_SEARCH_USER_PATHS = NO;
				CLANG_CXX_LANGUAGE_STANDARD = "gnu++0x";
				CLANG_CXX_LIBRARY = "libc++";
				CLANG_ENABLE_MODULES = YES;
				CLANG_ENABLE_OBJC_ARC = YES;
				CLANG_WARN_BOOL_CONVERSION = YES;
				CLANG_WARN_CONSTANT_CONVERSION = YES;
				CLANG_WARN_DIRECT_OBJC_ISA_USAGE = YES_ERROR;
				CLANG_WARN_EMPTY_BODY = YES;
				CLANG_WARN_ENUM_CONVERSION = YES;
				CLANG_WARN_INT_CONVERSION = YES;
				CLANG_WARN_OBJC_ROOT_CLASS = YES_ERROR;
				CLANG_WARN_UNREACHABLE_CODE = YES;
				CLANG_WARN__DUPLICATE_METHOD_MATCH = YES;
				CODE_SIGN_IDENTITY = "iPhone Developer";
				"CODE_SIGN_IDENTITY[sdk=iphoneos*]" = "iPhone Developer";
				COPY_PHASE_STRIP = NO;
				ENABLE_STRICT_OBJC_MSGSEND = YES;
				GCC_C_LANGUAGE_STANDARD = gnu99;
				GCC_DYNAMIC_NO_PIC = NO;
				GCC_OPTIMIZATION_LEVEL = 0;
				GCC_PREPROCESSOR_DEFINITIONS = (
					"DEBUG=1",
					"$(inherited)",
				);
				GCC_SYMBOLS_PRIVATE_EXTERN = NO;
				GCC_WARN_64_TO_32_BIT_CONVERSION = YES;
				GCC_WARN_ABOUT_RETURN_TYPE = YES_ERROR;
				GCC_WARN_UNDECLARED_SELECTOR = YES;
				GCC_WARN_UNINITIALIZED_AUTOS = YES_AGGRESSIVE;
				GCC_WARN_UNUSED_FUNCTION = YES;
				GCC_WARN_UNUSED_VARIABLE = YES;
				IPHONEOS_DEPLOYMENT_TARGET = 7.0;
				MTL_ENABLE_DEBUG_INFO = YES;
				ONLY_ACTIVE_ARCH = YES;
				SDKROOT = iphoneos;
				TARGETED_DEVICE_FAMILY = "1,2";
			};
			name = Debug;
		};
		189F86311A32DCCE0016D4EE /* Release */ = {
			isa = XCBuildConfiguration;
			buildSettings = {
				ALWAYS_SEARCH_USER_PATHS = NO;
				CLANG_CXX_LANGUAGE_STANDARD = "gnu++0x";
				CLANG_CXX_LIBRARY = "libc++";
				CLANG_ENABLE_MODULES = YES;
				CLANG_ENABLE_OBJC_ARC = YES;
				CLANG_WARN_BOOL_CONVERSION = YES;
				CLANG_WARN_CONSTANT_CONVERSION = YES;
				CLANG_WARN_DIRECT_OBJC_ISA_USAGE = YES_ERROR;
				CLANG_WARN_EMPTY_BODY = YES;
				CLANG_WARN_ENUM_CONVERSION = YES;
				CLANG_WARN_INT_CONVERSION = YES;
				CLANG_WARN_OBJC_ROOT_CLASS = YES_ERROR;
				CLANG_WARN_UNREACHABLE_CODE = YES;
				CLANG_WARN__DUPLICATE_METHOD_MATCH = YES;
				CODE_SIGN_IDENTITY = "iPhone Developer";
				"CODE_SIGN_IDENTITY[sdk=iphoneos*]" = "iPhone Developer";
				COPY_PHASE_STRIP = YES;
				ENABLE_NS_ASSERTIONS = NO;
				ENABLE_STRICT_OBJC_MSGSEND = YES;
				GCC_C_LANGUAGE_STANDARD = gnu99;
				GCC_WARN_64_TO_32_BIT_CONVERSION = YES;
				GCC_WARN_ABOUT_RETURN_TYPE = YES_ERROR;
				GCC_WARN_UNDECLARED_SELECTOR = YES;
				GCC_WARN_UNINITIALIZED_AUTOS = YES_AGGRESSIVE;
				GCC_WARN_UNUSED_FUNCTION = YES;
				GCC_WARN_UNUSED_VARIABLE = YES;
				IPHONEOS_DEPLOYMENT_TARGET = 7.0;
				MTL_ENABLE_DEBUG_INFO = NO;
				SDKROOT = iphoneos;
				TARGETED_DEVICE_FAMILY = "1,2";
				VALIDATE_PRODUCT = YES;
			};
			name = Release;
		};
		189F86331A32DCCE0016D4EE /* Debug */ = {
			isa = XCBuildConfiguration;
			buildSettings = {
				ASSETCATALOG_COMPILER_APPICON_NAME = AppIcon;
				ASSETCATALOG_COMPILER_LAUNCHIMAGE_NAME = LaunchImage;
				CODE_SIGN_IDENTITY = "iPhone Developer";
				"CODE_SIGN_IDENTITY[sdk=iphoneos*]" = "iPhone Developer";
				INFOPLIST_FILE = DragonRequest/Info.plist;
				LD_RUNPATH_SEARCH_PATHS = "$(inherited) @executable_path/Frameworks";
				PRODUCT_NAME = "$(TARGET_NAME)";
				PROVISIONING_PROFILE = "";
			};
			name = Debug;
		};
		189F86341A32DCCE0016D4EE /* Release */ = {
			isa = XCBuildConfiguration;
			buildSettings = {
				ASSETCATALOG_COMPILER_APPICON_NAME = AppIcon;
				ASSETCATALOG_COMPILER_LAUNCHIMAGE_NAME = LaunchImage;
				CODE_SIGN_IDENTITY = "iPhone Developer";
				"CODE_SIGN_IDENTITY[sdk=iphoneos*]" = "iPhone Developer";
				INFOPLIST_FILE = DragonRequest/Info.plist;
				LD_RUNPATH_SEARCH_PATHS = "$(inherited) @executable_path/Frameworks";
				PRODUCT_NAME = "$(TARGET_NAME)";
				PROVISIONING_PROFILE = "";
			};
			name = Release;
		};
		189F86361A32DCCE0016D4EE /* Debug */ = {
			isa = XCBuildConfiguration;
			buildSettings = {
				BUNDLE_LOADER = "$(TEST_HOST)";
				FRAMEWORK_SEARCH_PATHS = (
					"$(SDKROOT)/Developer/Library/Frameworks",
					"$(inherited)",
				);
				GCC_PREPROCESSOR_DEFINITIONS = (
					"DEBUG=1",
					"$(inherited)",
				);
				INFOPLIST_FILE = DragonRequestTests/Info.plist;
				LD_RUNPATH_SEARCH_PATHS = "$(inherited) @executable_path/Frameworks @loader_path/Frameworks";
				PRODUCT_NAME = "$(TARGET_NAME)";
				TEST_HOST = "$(BUILT_PRODUCTS_DIR)/DragonRequest.app/DragonRequest";
			};
			name = Debug;
		};
		189F86371A32DCCE0016D4EE /* Release */ = {
			isa = XCBuildConfiguration;
			buildSettings = {
				BUNDLE_LOADER = "$(TEST_HOST)";
				FRAMEWORK_SEARCH_PATHS = (
					"$(SDKROOT)/Developer/Library/Frameworks",
					"$(inherited)",
				);
				INFOPLIST_FILE = DragonRequestTests/Info.plist;
				LD_RUNPATH_SEARCH_PATHS = "$(inherited) @executable_path/Frameworks @loader_path/Frameworks";
				PRODUCT_NAME = "$(TARGET_NAME)";
				TEST_HOST = "$(BUILT_PRODUCTS_DIR)/DragonRequest.app/DragonRequest";
			};
			name = Release;
		};
/* End XCBuildConfiguration section */

/* Begin XCConfigurationList section */
		189F86071A32DCCE0016D4EE /* Build configuration list for PBXProject "DragonRequest" */ = {
			isa = XCConfigurationList;
			buildConfigurations = (
				189F86301A32DCCE0016D4EE /* Debug */,
				189F86311A32DCCE0016D4EE /* Release */,
			);
			defaultConfigurationIsVisible = 0;
			defaultConfigurationName = Release;
		};
		189F86321A32DCCE0016D4EE /* Build configuration list for PBXNativeTarget "DragonRequest" */ = {
			isa = XCConfigurationList;
			buildConfigurations = (
				189F86331A32DCCE0016D4EE /* Debug */,
				189F86341A32DCCE0016D4EE /* Release */,
			);
			defaultConfigurationIsVisible = 0;
			defaultConfigurationName = Release;
		};
		189F86351A32DCCE0016D4EE /* Build configuration list for PBXNativeTarget "DragonRequestTests" */ = {
			isa = XCConfigurationList;
			buildConfigurations = (
				189F86361A32DCCE0016D4EE /* Debug */,
				189F86371A32DCCE0016D4EE /* Release */,
			);
			defaultConfigurationIsVisible = 0;
			defaultConfigurationName = Release;
		};
/* End XCConfigurationList section */

/* Begin XCVersionGroup section */
		189F86161A32DCCE0016D4EE /* DragonRequest.xcdatamodeld */ = {
			isa = XCVersionGroup;
			children = (
				189F86171A32DCCE0016D4EE /* DragonRequest.xcdatamodel */,
			);
			currentVersion = 189F86171A32DCCE0016D4EE /* DragonRequest.xcdatamodel */;
			path = DragonRequest.xcdatamodeld;
			sourceTree = "<group>";
			versionGroupType = wrapper.xcdatamodel;
		};
/* End XCVersionGroup section */
	};
	rootObject = 189F86041A32DCCE0016D4EE /* Project object */;
}
